Microsoft Visual Studio Solution File, Format Version 12.00
# Visual Studio Version 16
VisualStudioVersion = 16.0.30804.86
MinimumVisualStudioVersion = 10.0.40219.1
Project("{2150E333-8FDC-42A3-9474-1A3956D46DE8}") = "2. Client", "2. Client", "{BF66D6DB-C84E-4998-8928-7ABB7AF69AD3}"
EndProject
Project("{2150E333-8FDC-42A3-9474-1A3956D46DE8}") = "3. Server", "3. Server", "{AF1E5889-E674-4216-A583-F67733E736B4}"
EndProject
Project("{2150E333-8FDC-42A3-9474-1A3956D46DE8}") = "4. Setup", "4. Setup", "{7AF1CB60-E120-41E0-94E8-2401203A4C88}"
EndProject
Project("{2150E333-8FDC-42A3-9474-1A3956D46DE8}") = "9. Solution Items", "9. Solution Items", "{D221DA7D-9E6E-444E-A5C7-163300BFC69A}"
	ProjectSection(SolutionItems) = preProject
		ADF.UCM.Demo.CS.Setup.vsmdi = ADF.UCM.Demo.CS.Setup.vsmdi
		TraceAndTestImpact.testsettings = TraceAndTestImpact.testsettings
	EndProjectSection
EndProject
Project("{2150E333-8FDC-42A3-9474-1A3956D46DE8}") = "1. General", "1. General", "{00AAFA3C-0AFC-42AE-BAA7-D3414555F077}"
EndProject
Project("{FAE04EC0-301F-11D3-BF4B-00C04F79EFBC}") = "ADF.UCM.Demo.BC", "..\..\..\Server\ADF.UCM.Demo.BC\ADF.UCM.Demo.BC.csproj", "{5B9F3A7F-8371-4665-AE00-36A61C26E8B8}"
EndProject
Project("{FAE04EC0-301F-11D3-BF4B-00C04F79EFBC}") = "ADF.UCM.Demo.SIC", "..\..\..\Server\ADF.UCM.Demo.SIC\ADF.UCM.Demo.SIC.csproj", "{15BA9BA6-7070-4F89-AD88-C46D343A74EB}"
EndProject
Project("{FAE04EC0-301F-11D3-BF4B-00C04F79EFBC}") = "ADF.UCM.Demo.PFS", "..\..\..\Server\ADF.UCM.Demo.PFS\ADF.UCM.Demo.PFS.csproj", "{4864CB10-0482-4E6E-9032-AC970ED1AFD6}"
EndProject
Project("{FAE04EC0-301F-11D3-BF4B-00C04F79EFBC}") = "ADF.UCM.Demo.WebServices.Proxy", "..\..\..\Client\ADF.UCM.Demo.WebServices.Proxy\ADF.UCM.Demo.WebServices.Proxy.csproj", "{0F5F3F6F-3D73-4247-AD21-6739C37FC471}"
EndProject
Project("{FAE04EC0-301F-11D3-BF4B-00C04F79EFBC}") = "ADF.UCM.Demo.HIC", "..\..\..\Client\ADF.UCM.Demo.HIC\ADF.UCM.Demo.HIC.csproj", "{23854E3D-64E9-4FD7-A36A-89A9F7692BE8}"
EndProject
Project("{FAE04EC0-301F-11D3-BF4B-00C04F79EFBC}") = "ADF.UCM.Demo.BS", "..\..\..\Server\ADF.UCM.Demo.BS\ADF.UCM.Demo.BS.csproj", "{567978CA-0146-424E-8999-9B735E04BDCB}"
EndProject
Project("{FAE04EC0-301F-11D3-BF4B-00C04F79EFBC}") = "ADF.UCM.Demo.Webservices", "..\..\..\Server\ADF.UCM.Demo.Webservices\ADF.UCM.Demo.Webservices.csproj", "{713D62CB-CAA3-4C61-96FB-D1362F7BB908}"
EndProject
Project("{930C7802-8A8C-48F9-8165-68863BCCD9DD}") = "ADF.UCM.Demo.HIC.CS.WixSetup", "..\..\ADF.UCM.Demo.HIC.CS.WixSetup\ADF.UCM.Demo.HIC.CS.WixSetup.wixproj", "{FC1507DD-A127-4900-92DE-53730FF06F63}"
EndProject
Project("{930C7802-8A8C-48F9-8165-68863BCCD9DD}") = "ADF.UCM.Demo.WebServices.CS.WixSetup", "..\..\ADF.UCM.Demo.WebServices.CS.WixSetup\ADF.UCM.Demo.WebServices.CS.WixSetup.wixproj", "{4BA6306E-B29E-489B-AC2A-41BB28DFD3B3}"
EndProject
Project("{2150E333-8FDC-42A3-9474-1A3956D46DE8}") = "5. Tests", "5. Tests", "{48910769-9D49-45D6-8049-1E777D07421D}"
EndProject
Project("{FAE04EC0-301F-11D3-BF4B-00C04F79EFBC}") = "ADF.UCM.Demo.BC.Tests", "..\..\..\Tests\ADF.UCM.Demo.BC.Tests\ADF.UCM.Demo.BC.Tests.csproj", "{1E9F858B-659C-4B5E-B0F7-8F668AF0CB59}"
EndProject
Project("{FAE04EC0-301F-11D3-BF4B-00C04F79EFBC}") = "ADF.UCM.Demo.Webservices.Tests", "..\..\..\Tests\ADF.UCM.Demo.Webservices.Tests\ADF.UCM.Demo.Webservices.Tests.csproj", "{752A181E-C891-4617-9067-9EEEA939BC20}"
EndProject
Project("{FAE04EC0-301F-11D3-BF4B-00C04F79EFBC}") = "ADF.UCM.Demo.BC.xUnitTests", "..\..\..\Tests\ADF.UCM.Demo.BC.xUnitTests\ADF.UCM.Demo.BC.xUnitTests.csproj", "{C750A317-EE1E-4B07-B39C-9C95FFC45570}"
EndProject
Project("{FAE04EC0-301F-11D3-BF4B-00C04F79EFBC}") = "ADF.UCM.Demo.Webservices.NUnit.Tests", "..\..\..\Tests\ADF.UCM.Demo.Webservices.NUnit.Tests\ADF.UCM.Demo.Webservices.NUnit.Tests.csproj", "{7D790750-7BBC-4FD0-B9EF-BC9C1F7E3E86}"
EndProject
Project("{FAE04EC0-301F-11D3-BF4B-00C04F79EFBC}") = "ADF.UCM.Demo.WindowsServices", "..\..\..\Server\ADF.UCM.Demo.WindowsServices\ADF.UCM.Demo.WindowsServices.csproj", "{21BAB327-A252-4DA0-A55A-B4B77F52A36B}"
EndProject
Project("{930C7802-8A8C-48F9-8165-68863BCCD9DD}") = "ADF.UCM.Demo.Asp.NetCore.WixSetup", "..\..\ADF.UCM.Demo.Asp.NetCore.WixSetup\ADF.UCM.Demo.Asp.NetCore.WixSetup.wixproj", "{CDFC16C2-6BA9-4A28-86EB-C4F93900843B}"
EndProject
Project("{930C7802-8A8C-48F9-8165-68863BCCD9DD}") = "ADF.UCM.Demo.WindowsServices.CS.WixSetup", "..\..\ADF.UCM.Demo.WindowsServices.CS.WixSetup\ADF.UCM.Demo.WindowsServices.CS.WixSetup.wixproj", "{B0F7C68E-0F8A-4AF3-ABC8-0B208D9AFCF9}"
EndProject
Project("{FAE04EC0-301F-11D3-BF4B-00C04F79EFBC}") = "ADF.UCM.Demo.BC.nUnitTests", "..\..\..\Tests\ADF.UCM.Demo.BC.nUnitTests\ADF.UCM.Demo.BC.nUnitTests.csproj", "{B6E491AD-DEF7-4175-9ED4-0BE5535D4392}"
EndProject
Global
	GlobalSection(SolutionConfigurationPlatforms) = preSolution
		CD_ROM|Any CPU = CD_ROM|Any CPU
		CD_ROM|Mixed Platforms = CD_ROM|Mixed Platforms
		CD_ROM|x86 = CD_ROM|x86
		Debug|Any CPU = Debug|Any CPU
		Debug|Mixed Platforms = Debug|Mixed Platforms
		Debug|x86 = Debug|x86
		Docu|Any CPU = Docu|Any CPU
		Docu|Mixed Platforms = Docu|Mixed Platforms
		Docu|x86 = Docu|x86
		DVD-5|Any CPU = DVD-5|Any CPU
		DVD-5|Mixed Platforms = DVD-5|Mixed Platforms
		DVD-5|x86 = DVD-5|x86
		Publish|Any CPU = Publish|Any CPU
		Publish|Mixed Platforms = Publish|Mixed Platforms
		Publish|x86 = Publish|x86
		Release|Any CPU = Release|Any CPU
		Release|Mixed Platforms = Release|Mixed Platforms
		Release|x86 = Release|x86
		SingleImage|Any CPU = SingleImage|Any CPU
		SingleImage|Mixed Platforms = SingleImage|Mixed Platforms
		SingleImage|x86 = SingleImage|x86
	EndGlobalSection
	GlobalSection(ProjectConfigurationPlatforms) = postSolution
		{5B9F3A7F-8371-4665-AE00-36A61C26E8B8}.CD_ROM|Any CPU.ActiveCfg = Release|Any CPU
		{5B9F3A7F-8371-4665-AE00-36A61C26E8B8}.CD_ROM|Any CPU.Build.0 = Release|Any CPU
		{5B9F3A7F-8371-4665-AE00-36A61C26E8B8}.CD_ROM|Mixed Platforms.ActiveCfg = Release|Any CPU
		{5B9F3A7F-8371-4665-AE00-36A61C26E8B8}.CD_ROM|Mixed Platforms.Build.0 = Release|Any CPU
		{5B9F3A7F-8371-4665-AE00-36A61C26E8B8}.CD_ROM|x86.ActiveCfg = Release|Any CPU
		{5B9F3A7F-8371-4665-AE00-36A61C26E8B8}.Debug|Any CPU.ActiveCfg = Debug|Any CPU
		{5B9F3A7F-8371-4665-AE00-36A61C26E8B8}.Debug|Any CPU.Build.0 = Debug|Any CPU
		{5B9F3A7F-8371-4665-AE00-36A61C26E8B8}.Debug|Mixed Platforms.ActiveCfg = Debug|Any CPU
		{5B9F3A7F-8371-4665-AE00-36A61C26E8B8}.Debug|Mixed Platforms.Build.0 = Debug|Any CPU
		{5B9F3A7F-8371-4665-AE00-36A61C26E8B8}.Debug|x86.ActiveCfg = Debug|Any CPU
		{5B9F3A7F-8371-4665-AE00-36A61C26E8B8}.Debug|x86.Build.0 = Debug|Any CPU
		{5B9F3A7F-8371-4665-AE00-36A61C26E8B8}.Docu|Any CPU.ActiveCfg = Docu|Any CPU
		{5B9F3A7F-8371-4665-AE00-36A61C26E8B8}.Docu|Any CPU.Build.0 = Docu|Any CPU
		{5B9F3A7F-8371-4665-AE00-36A61C26E8B8}.Docu|Mixed Platforms.ActiveCfg = Docu|Any CPU
		{5B9F3A7F-8371-4665-AE00-36A61C26E8B8}.Docu|Mixed Platforms.Build.0 = Docu|Any CPU
		{5B9F3A7F-8371-4665-AE00-36A61C26E8B8}.Docu|x86.ActiveCfg = Docu|Any CPU
		{5B9F3A7F-8371-4665-AE00-36A61C26E8B8}.DVD-5|Any CPU.ActiveCfg = Docu|Any CPU
		{5B9F3A7F-8371-4665-AE00-36A61C26E8B8}.DVD-5|Any CPU.Build.0 = Docu|Any CPU
		{5B9F3A7F-8371-4665-AE00-36A61C26E8B8}.DVD-5|Mixed Platforms.ActiveCfg = Docu|Any CPU
		{5B9F3A7F-8371-4665-AE00-36A61C26E8B8}.DVD-5|Mixed Platforms.Build.0 = Docu|Any CPU
		{5B9F3A7F-8371-4665-AE00-36A61C26E8B8}.DVD-5|x86.ActiveCfg = Docu|Any CPU
		{5B9F3A7F-8371-4665-AE00-36A61C26E8B8}.Publish|Any CPU.ActiveCfg = Release|Any CPU
		{5B9F3A7F-8371-4665-AE00-36A61C26E8B8}.Publish|Any CPU.Build.0 = Release|Any CPU
		{5B9F3A7F-8371-4665-AE00-36A61C26E8B8}.Publish|Mixed Platforms.ActiveCfg = Release|Any CPU
		{5B9F3A7F-8371-4665-AE00-36A61C26E8B8}.Publish|Mixed Platforms.Build.0 = Release|Any CPU
		{5B9F3A7F-8371-4665-AE00-36A61C26E8B8}.Publish|x86.ActiveCfg = Release|Any CPU
		{5B9F3A7F-8371-4665-AE00-36A61C26E8B8}.Release|Any CPU.ActiveCfg = Release|Any CPU
		{5B9F3A7F-8371-4665-AE00-36A61C26E8B8}.Release|Any CPU.Build.0 = Release|Any CPU
		{5B9F3A7F-8371-4665-AE00-36A61C26E8B8}.Release|Mixed Platforms.ActiveCfg = Release|Any CPU
		{5B9F3A7F-8371-4665-AE00-36A61C26E8B8}.Release|Mixed Platforms.Build.0 = Release|Any CPU
		{5B9F3A7F-8371-4665-AE00-36A61C26E8B8}.Release|x86.ActiveCfg = Release|Any CPU
		{5B9F3A7F-8371-4665-AE00-36A61C26E8B8}.SingleImage|Any CPU.ActiveCfg = Release|Any CPU
		{5B9F3A7F-8371-4665-AE00-36A61C26E8B8}.SingleImage|Any CPU.Build.0 = Release|Any CPU
		{5B9F3A7F-8371-4665-AE00-36A61C26E8B8}.SingleImage|Mixed Platforms.ActiveCfg = Release|Any CPU
		{5B9F3A7F-8371-4665-AE00-36A61C26E8B8}.SingleImage|Mixed Platforms.Build.0 = Release|Any CPU
		{5B9F3A7F-8371-4665-AE00-36A61C26E8B8}.SingleImage|x86.ActiveCfg = Release|Any CPU
		{15BA9BA6-7070-4F89-AD88-C46D343A74EB}.CD_ROM|Any CPU.ActiveCfg = Release|Any CPU
		{15BA9BA6-7070-4F89-AD88-C46D343A74EB}.CD_ROM|Any CPU.Build.0 = Release|Any CPU
		{15BA9BA6-7070-4F89-AD88-C46D343A74EB}.CD_ROM|Mixed Platforms.ActiveCfg = Release|Any CPU
		{15BA9BA6-7070-4F89-AD88-C46D343A74EB}.CD_ROM|Mixed Platforms.Build.0 = Release|Any CPU
		{15BA9BA6-7070-4F89-AD88-C46D343A74EB}.CD_ROM|x86.ActiveCfg = Release|Any CPU
		{15BA9BA6-7070-4F89-AD88-C46D343A74EB}.Debug|Any CPU.ActiveCfg = Debug|Any CPU
		{15BA9BA6-7070-4F89-AD88-C46D343A74EB}.Debug|Any CPU.Build.0 = Debug|Any CPU
		{15BA9BA6-7070-4F89-AD88-C46D343A74EB}.Debug|Mixed Platforms.ActiveCfg = Debug|Any CPU
		{15BA9BA6-7070-4F89-AD88-C46D343A74EB}.Debug|Mixed Platforms.Build.0 = Debug|Any CPU
		{15BA9BA6-7070-4F89-AD88-C46D343A74EB}.Debug|x86.ActiveCfg = Debug|Any CPU
		{15BA9BA6-7070-4F89-AD88-C46D343A74EB}.Debug|x86.Build.0 = Debug|Any CPU
		{15BA9BA6-7070-4F89-AD88-C46D343A74EB}.Docu|Any CPU.ActiveCfg = Docu|Any CPU
		{15BA9BA6-7070-4F89-AD88-C46D343A74EB}.Docu|Any CPU.Build.0 = Docu|Any CPU
		{15BA9BA6-7070-4F89-AD88-C46D343A74EB}.Docu|Mixed Platforms.ActiveCfg = Docu|Any CPU
		{15BA9BA6-7070-4F89-AD88-C46D343A74EB}.Docu|Mixed Platforms.Build.0 = Docu|Any CPU
		{15BA9BA6-7070-4F89-AD88-C46D343A74EB}.Docu|x86.ActiveCfg = Docu|Any CPU
		{15BA9BA6-7070-4F89-AD88-C46D343A74EB}.DVD-5|Any CPU.ActiveCfg = Docu|Any CPU
		{15BA9BA6-7070-4F89-AD88-C46D343A74EB}.DVD-5|Any CPU.Build.0 = Docu|Any CPU
		{15BA9BA6-7070-4F89-AD88-C46D343A74EB}.DVD-5|Mixed Platforms.ActiveCfg = Docu|Any CPU
		{15BA9BA6-7070-4F89-AD88-C46D343A74EB}.DVD-5|Mixed Platforms.Build.0 = Docu|Any CPU
		{15BA9BA6-7070-4F89-AD88-C46D343A74EB}.DVD-5|x86.ActiveCfg = Docu|Any CPU
		{15BA9BA6-7070-4F89-AD88-C46D343A74EB}.Publish|Any CPU.ActiveCfg = Release|Any CPU
		{15BA9BA6-7070-4F89-AD88-C46D343A74EB}.Publish|Any CPU.Build.0 = Release|Any CPU
		{15BA9BA6-7070-4F89-AD88-C46D343A74EB}.Publish|Mixed Platforms.ActiveCfg = Release|Any CPU
		{15BA9BA6-7070-4F89-AD88-C46D343A74EB}.Publish|Mixed Platforms.Build.0 = Release|Any CPU
		{15BA9BA6-7070-4F89-AD88-C46D343A74EB}.Publish|x86.ActiveCfg = Release|Any CPU
		{15BA9BA6-7070-4F89-AD88-C46D343A74EB}.Release|Any CPU.ActiveCfg = Release|Any CPU
		{15BA9BA6-7070-4F89-AD88-C46D343A74EB}.Release|Any CPU.Build.0 = Release|Any CPU
		{15BA9BA6-7070-4F89-AD88-C46D343A74EB}.Release|Mixed Platforms.ActiveCfg = Release|Any CPU
		{15BA9BA6-7070-4F89-AD88-C46D343A74EB}.Release|Mixed Platforms.Build.0 = Release|Any CPU
		{15BA9BA6-7070-4F89-AD88-C46D343A74EB}.Release|x86.ActiveCfg = Release|Any CPU
		{15BA9BA6-7070-4F89-AD88-C46D343A74EB}.SingleImage|Any CPU.ActiveCfg = Release|Any CPU
		{15BA9BA6-7070-4F89-AD88-C46D343A74EB}.SingleImage|Any CPU.Build.0 = Release|Any CPU
		{15BA9BA6-7070-4F89-AD88-C46D343A74EB}.SingleImage|Mixed Platforms.ActiveCfg = Release|Any CPU
		{15BA9BA6-7070-4F89-AD88-C46D343A74EB}.SingleImage|Mixed Platforms.Build.0 = Release|Any CPU
		{15BA9BA6-7070-4F89-AD88-C46D343A74EB}.SingleImage|x86.ActiveCfg = Release|Any CPU
		{4864CB10-0482-4E6E-9032-AC970ED1AFD6}.CD_ROM|Any CPU.ActiveCfg = Release|Any CPU
		{4864CB10-0482-4E6E-9032-AC970ED1AFD6}.CD_ROM|Any CPU.Build.0 = Release|Any CPU
		{4864CB10-0482-4E6E-9032-AC970ED1AFD6}.CD_ROM|Mixed Platforms.ActiveCfg = Release|Any CPU
		{4864CB10-0482-4E6E-9032-AC970ED1AFD6}.CD_ROM|Mixed Platforms.Build.0 = Release|Any CPU
		{4864CB10-0482-4E6E-9032-AC970ED1AFD6}.CD_ROM|x86.ActiveCfg = Release|Any CPU
		{4864CB10-0482-4E6E-9032-AC970ED1AFD6}.Debug|Any CPU.ActiveCfg = Debug|Any CPU
		{4864CB10-0482-4E6E-9032-AC970ED1AFD6}.Debug|Any CPU.Build.0 = Debug|Any CPU
		{4864CB10-0482-4E6E-9032-AC970ED1AFD6}.Debug|Mixed Platforms.ActiveCfg = Debug|Any CPU
		{4864CB10-0482-4E6E-9032-AC970ED1AFD6}.Debug|Mixed Platforms.Build.0 = Debug|Any CPU
		{4864CB10-0482-4E6E-9032-AC970ED1AFD6}.Debug|x86.ActiveCfg = Debug|Any CPU
		{4864CB10-0482-4E6E-9032-AC970ED1AFD6}.Debug|x86.Build.0 = Debug|Any CPU
		{4864CB10-0482-4E6E-9032-AC970ED1AFD6}.Docu|Any CPU.ActiveCfg = Docu|Any CPU
		{4864CB10-0482-4E6E-9032-AC970ED1AFD6}.Docu|Any CPU.Build.0 = Docu|Any CPU
		{4864CB10-0482-4E6E-9032-AC970ED1AFD6}.Docu|Mixed Platforms.ActiveCfg = Docu|Any CPU
		{4864CB10-0482-4E6E-9032-AC970ED1AFD6}.Docu|Mixed Platforms.Build.0 = Docu|Any CPU
		{4864CB10-0482-4E6E-9032-AC970ED1AFD6}.Docu|x86.ActiveCfg = Docu|Any CPU
		{4864CB10-0482-4E6E-9032-AC970ED1AFD6}.DVD-5|Any CPU.ActiveCfg = Docu|Any CPU
		{4864CB10-0482-4E6E-9032-AC970ED1AFD6}.DVD-5|Any CPU.Build.0 = Docu|Any CPU
		{4864CB10-0482-4E6E-9032-AC970ED1AFD6}.DVD-5|Mixed Platforms.ActiveCfg = Docu|Any CPU
		{4864CB10-0482-4E6E-9032-AC970ED1AFD6}.DVD-5|Mixed Platforms.Build.0 = Docu|Any CPU
		{4864CB10-0482-4E6E-9032-AC970ED1AFD6}.DVD-5|x86.ActiveCfg = Docu|Any CPU
		{4864CB10-0482-4E6E-9032-AC970ED1AFD6}.Publish|Any CPU.ActiveCfg = Release|Any CPU
		{4864CB10-0482-4E6E-9032-AC970ED1AFD6}.Publish|Any CPU.Build.0 = Release|Any CPU
		{4864CB10-0482-4E6E-9032-AC970ED1AFD6}.Publish|Mixed Platforms.ActiveCfg = Release|Any CPU
		{4864CB10-0482-4E6E-9032-AC970ED1AFD6}.Publish|Mixed Platforms.Build.0 = Release|Any CPU
		{4864CB10-0482-4E6E-9032-AC970ED1AFD6}.Publish|x86.ActiveCfg = Release|Any CPU
		{4864CB10-0482-4E6E-9032-AC970ED1AFD6}.Release|Any CPU.ActiveCfg = Release|Any CPU
		{4864CB10-0482-4E6E-9032-AC970ED1AFD6}.Release|Any CPU.Build.0 = Release|Any CPU
		{4864CB10-0482-4E6E-9032-AC970ED1AFD6}.Release|Mixed Platforms.ActiveCfg = Release|Any CPU
		{4864CB10-0482-4E6E-9032-AC970ED1AFD6}.Release|Mixed Platforms.Build.0 = Release|Any CPU
		{4864CB10-0482-4E6E-9032-AC970ED1AFD6}.Release|x86.ActiveCfg = Release|Any CPU
		{4864CB10-0482-4E6E-9032-AC970ED1AFD6}.SingleImage|Any CPU.ActiveCfg = Release|Any CPU
		{4864CB10-0482-4E6E-9032-AC970ED1AFD6}.SingleImage|Any CPU.Build.0 = Release|Any CPU
		{4864CB10-0482-4E6E-9032-AC970ED1AFD6}.SingleImage|Mixed Platforms.ActiveCfg = Release|Any CPU
		{4864CB10-0482-4E6E-9032-AC970ED1AFD6}.SingleImage|Mixed Platforms.Build.0 = Release|Any CPU
		{4864CB10-0482-4E6E-9032-AC970ED1AFD6}.SingleImage|x86.ActiveCfg = Release|Any CPU
		{0F5F3F6F-3D73-4247-AD21-6739C37FC471}.CD_ROM|Any CPU.ActiveCfg = Release|Any CPU
		{0F5F3F6F-3D73-4247-AD21-6739C37FC471}.CD_ROM|Any CPU.Build.0 = Release|Any CPU
		{0F5F3F6F-3D73-4247-AD21-6739C37FC471}.CD_ROM|Mixed Platforms.ActiveCfg = Release|Any CPU
		{0F5F3F6F-3D73-4247-AD21-6739C37FC471}.CD_ROM|Mixed Platforms.Build.0 = Release|Any CPU
		{0F5F3F6F-3D73-4247-AD21-6739C37FC471}.CD_ROM|x86.ActiveCfg = Release|Any CPU
		{0F5F3F6F-3D73-4247-AD21-6739C37FC471}.Debug|Any CPU.ActiveCfg = Debug|Any CPU
		{0F5F3F6F-3D73-4247-AD21-6739C37FC471}.Debug|Any CPU.Build.0 = Debug|Any CPU
		{0F5F3F6F-3D73-4247-AD21-6739C37FC471}.Debug|Mixed Platforms.ActiveCfg = Debug|Any CPU
		{0F5F3F6F-3D73-4247-AD21-6739C37FC471}.Debug|Mixed Platforms.Build.0 = Debug|Any CPU
		{0F5F3F6F-3D73-4247-AD21-6739C37FC471}.Debug|x86.ActiveCfg = Debug|Any CPU
		{0F5F3F6F-3D73-4247-AD21-6739C37FC471}.Debug|x86.Build.0 = Debug|Any CPU
		{0F5F3F6F-3D73-4247-AD21-6739C37FC471}.Docu|Any CPU.ActiveCfg = Docu|Any CPU
		{0F5F3F6F-3D73-4247-AD21-6739C37FC471}.Docu|Any CPU.Build.0 = Docu|Any CPU
		{0F5F3F6F-3D73-4247-AD21-6739C37FC471}.Docu|Mixed Platforms.ActiveCfg = Docu|Any CPU
		{0F5F3F6F-3D73-4247-AD21-6739C37FC471}.Docu|Mixed Platforms.Build.0 = Docu|Any CPU
		{0F5F3F6F-3D73-4247-AD21-6739C37FC471}.Docu|x86.ActiveCfg = Docu|Any CPU
		{0F5F3F6F-3D73-4247-AD21-6739C37FC471}.DVD-5|Any CPU.ActiveCfg = Docu|Any CPU
		{0F5F3F6F-3D73-4247-AD21-6739C37FC471}.DVD-5|Any CPU.Build.0 = Docu|Any CPU
		{0F5F3F6F-3D73-4247-AD21-6739C37FC471}.DVD-5|Mixed Platforms.ActiveCfg = Docu|Any CPU
		{0F5F3F6F-3D73-4247-AD21-6739C37FC471}.DVD-5|Mixed Platforms.Build.0 = Docu|Any CPU
		{0F5F3F6F-3D73-4247-AD21-6739C37FC471}.DVD-5|x86.ActiveCfg = Docu|Any CPU
		{0F5F3F6F-3D73-4247-AD21-6739C37FC471}.Publish|Any CPU.ActiveCfg = Release|Any CPU
		{0F5F3F6F-3D73-4247-AD21-6739C37FC471}.Publish|Any CPU.Build.0 = Release|Any CPU
		{0F5F3F6F-3D73-4247-AD21-6739C37FC471}.Publish|Any CPU.Deploy.0 = Release|Any CPU
		{0F5F3F6F-3D73-4247-AD21-6739C37FC471}.Publish|Mixed Platforms.ActiveCfg = Release|Any CPU
		{0F5F3F6F-3D73-4247-AD21-6739C37FC471}.Publish|Mixed Platforms.Build.0 = Release|Any CPU
		{0F5F3F6F-3D73-4247-AD21-6739C37FC471}.Publish|x86.ActiveCfg = Release|Any CPU
		{0F5F3F6F-3D73-4247-AD21-6739C37FC471}.Release|Any CPU.ActiveCfg = Release|Any CPU
		{0F5F3F6F-3D73-4247-AD21-6739C37FC471}.Release|Any CPU.Build.0 = Release|Any CPU
		{0F5F3F6F-3D73-4247-AD21-6739C37FC471}.Release|Any CPU.Deploy.0 = Release|Any CPU
		{0F5F3F6F-3D73-4247-AD21-6739C37FC471}.Release|Mixed Platforms.ActiveCfg = Release|Any CPU
		{0F5F3F6F-3D73-4247-AD21-6739C37FC471}.Release|Mixed Platforms.Build.0 = Release|Any CPU
		{0F5F3F6F-3D73-4247-AD21-6739C37FC471}.Release|x86.ActiveCfg = Release|Any CPU
		{0F5F3F6F-3D73-4247-AD21-6739C37FC471}.SingleImage|Any CPU.ActiveCfg = Release|Any CPU
		{0F5F3F6F-3D73-4247-AD21-6739C37FC471}.SingleImage|Any CPU.Build.0 = Release|Any CPU
		{0F5F3F6F-3D73-4247-AD21-6739C37FC471}.SingleImage|Mixed Platforms.ActiveCfg = Release|Any CPU
		{0F5F3F6F-3D73-4247-AD21-6739C37FC471}.SingleImage|Mixed Platforms.Build.0 = Release|Any CPU
		{0F5F3F6F-3D73-4247-AD21-6739C37FC471}.SingleImage|x86.ActiveCfg = Release|Any CPU
		{23854E3D-64E9-4FD7-A36A-89A9F7692BE8}.CD_ROM|Any CPU.ActiveCfg = Release|Any CPU
		{23854E3D-64E9-4FD7-A36A-89A9F7692BE8}.CD_ROM|Any CPU.Build.0 = Release|Any CPU
		{23854E3D-64E9-4FD7-A36A-89A9F7692BE8}.CD_ROM|Mixed Platforms.ActiveCfg = Release|Any CPU
		{23854E3D-64E9-4FD7-A36A-89A9F7692BE8}.CD_ROM|Mixed Platforms.Build.0 = Release|Any CPU
		{23854E3D-64E9-4FD7-A36A-89A9F7692BE8}.CD_ROM|x86.ActiveCfg = Release|Any CPU
		{23854E3D-64E9-4FD7-A36A-89A9F7692BE8}.Debug|Any CPU.ActiveCfg = Debug|Any CPU
		{23854E3D-64E9-4FD7-A36A-89A9F7692BE8}.Debug|Any CPU.Build.0 = Debug|Any CPU
		{23854E3D-64E9-4FD7-A36A-89A9F7692BE8}.Debug|Mixed Platforms.ActiveCfg = Debug|Any CPU
		{23854E3D-64E9-4FD7-A36A-89A9F7692BE8}.Debug|Mixed Platforms.Build.0 = Debug|Any CPU
		{23854E3D-64E9-4FD7-A36A-89A9F7692BE8}.Debug|x86.ActiveCfg = Debug|x86
		{23854E3D-64E9-4FD7-A36A-89A9F7692BE8}.Debug|x86.Build.0 = Debug|x86
		{23854E3D-64E9-4FD7-A36A-89A9F7692BE8}.Docu|Any CPU.ActiveCfg = Docu|Any CPU
		{23854E3D-64E9-4FD7-A36A-89A9F7692BE8}.Docu|Any CPU.Build.0 = Docu|Any CPU
		{23854E3D-64E9-4FD7-A36A-89A9F7692BE8}.Docu|Mixed Platforms.ActiveCfg = Docu|Any CPU
		{23854E3D-64E9-4FD7-A36A-89A9F7692BE8}.Docu|Mixed Platforms.Build.0 = Docu|Any CPU
		{23854E3D-64E9-4FD7-A36A-89A9F7692BE8}.Docu|x86.ActiveCfg = Docu|Any CPU
		{23854E3D-64E9-4FD7-A36A-89A9F7692BE8}.DVD-5|Any CPU.ActiveCfg = Docu|Any CPU
		{23854E3D-64E9-4FD7-A36A-89A9F7692BE8}.DVD-5|Any CPU.Build.0 = Docu|Any CPU
		{23854E3D-64E9-4FD7-A36A-89A9F7692BE8}.DVD-5|Mixed Platforms.ActiveCfg = Docu|Any CPU
		{23854E3D-64E9-4FD7-A36A-89A9F7692BE8}.DVD-5|Mixed Platforms.Build.0 = Docu|Any CPU
		{23854E3D-64E9-4FD7-A36A-89A9F7692BE8}.DVD-5|x86.ActiveCfg = Docu|Any CPU
		{23854E3D-64E9-4FD7-A36A-89A9F7692BE8}.Publish|Any CPU.ActiveCfg = Release|Any CPU
		{23854E3D-64E9-4FD7-A36A-89A9F7692BE8}.Publish|Any CPU.Build.0 = Release|Any CPU
		{23854E3D-64E9-4FD7-A36A-89A9F7692BE8}.Publish|Any CPU.Deploy.0 = Release|Any CPU
		{23854E3D-64E9-4FD7-A36A-89A9F7692BE8}.Publish|Mixed Platforms.ActiveCfg = Release|Any CPU
		{23854E3D-64E9-4FD7-A36A-89A9F7692BE8}.Publish|Mixed Platforms.Build.0 = Release|Any CPU
		{23854E3D-64E9-4FD7-A36A-89A9F7692BE8}.Publish|x86.ActiveCfg = Release|Any CPU
		{23854E3D-64E9-4FD7-A36A-89A9F7692BE8}.Release|Any CPU.ActiveCfg = Release|Any CPU
		{23854E3D-64E9-4FD7-A36A-89A9F7692BE8}.Release|Any CPU.Build.0 = Release|Any CPU
		{23854E3D-64E9-4FD7-A36A-89A9F7692BE8}.Release|Any CPU.Deploy.0 = Release|Any CPU
		{23854E3D-64E9-4FD7-A36A-89A9F7692BE8}.Release|Mixed Platforms.ActiveCfg = Release|Any CPU
		{23854E3D-64E9-4FD7-A36A-89A9F7692BE8}.Release|Mixed Platforms.Build.0 = Release|Any CPU
		{23854E3D-64E9-4FD7-A36A-89A9F7692BE8}.Release|x86.ActiveCfg = Release|Any CPU
		{23854E3D-64E9-4FD7-A36A-89A9F7692BE8}.SingleImage|Any CPU.ActiveCfg = Release|Any CPU
		{23854E3D-64E9-4FD7-A36A-89A9F7692BE8}.SingleImage|Any CPU.Build.0 = Release|Any CPU
		{23854E3D-64E9-4FD7-A36A-89A9F7692BE8}.SingleImage|Mixed Platforms.ActiveCfg = Release|Any CPU
		{23854E3D-64E9-4FD7-A36A-89A9F7692BE8}.SingleImage|Mixed Platforms.Build.0 = Release|Any CPU
		{23854E3D-64E9-4FD7-A36A-89A9F7692BE8}.SingleImage|x86.ActiveCfg = Release|Any CPU
		{567978CA-0146-424E-8999-9B735E04BDCB}.CD_ROM|Any CPU.ActiveCfg = Release|Any CPU
		{567978CA-0146-424E-8999-9B735E04BDCB}.CD_ROM|Any CPU.Build.0 = Release|Any CPU
		{567978CA-0146-424E-8999-9B735E04BDCB}.CD_ROM|Mixed Platforms.ActiveCfg = Release|Any CPU
		{567978CA-0146-424E-8999-9B735E04BDCB}.CD_ROM|Mixed Platforms.Build.0 = Release|Any CPU
		{567978CA-0146-424E-8999-9B735E04BDCB}.CD_ROM|x86.ActiveCfg = Release|Any CPU
		{567978CA-0146-424E-8999-9B735E04BDCB}.Debug|Any CPU.ActiveCfg = Debug|Any CPU
		{567978CA-0146-424E-8999-9B735E04BDCB}.Debug|Any CPU.Build.0 = Debug|Any CPU
		{567978CA-0146-424E-8999-9B735E04BDCB}.Debug|Mixed Platforms.ActiveCfg = Debug|Any CPU
		{567978CA-0146-424E-8999-9B735E04BDCB}.Debug|Mixed Platforms.Build.0 = Debug|Any CPU
		{567978CA-0146-424E-8999-9B735E04BDCB}.Debug|x86.ActiveCfg = Debug|Any CPU
		{567978CA-0146-424E-8999-9B735E04BDCB}.Debug|x86.Build.0 = Debug|Any CPU
		{567978CA-0146-424E-8999-9B735E04BDCB}.Docu|Any CPU.ActiveCfg = Docu|Any CPU
		{567978CA-0146-424E-8999-9B735E04BDCB}.Docu|Any CPU.Build.0 = Docu|Any CPU
		{567978CA-0146-424E-8999-9B735E04BDCB}.Docu|Mixed Platforms.ActiveCfg = Docu|Any CPU
		{567978CA-0146-424E-8999-9B735E04BDCB}.Docu|Mixed Platforms.Build.0 = Docu|Any CPU
		{567978CA-0146-424E-8999-9B735E04BDCB}.Docu|x86.ActiveCfg = Docu|Any CPU
		{567978CA-0146-424E-8999-9B735E04BDCB}.DVD-5|Any CPU.ActiveCfg = Docu|Any CPU
		{567978CA-0146-424E-8999-9B735E04BDCB}.DVD-5|Any CPU.Build.0 = Docu|Any CPU
		{567978CA-0146-424E-8999-9B735E04BDCB}.DVD-5|Mixed Platforms.ActiveCfg = Docu|Any CPU
		{567978CA-0146-424E-8999-9B735E04BDCB}.DVD-5|Mixed Platforms.Build.0 = Docu|Any CPU
		{567978CA-0146-424E-8999-9B735E04BDCB}.DVD-5|x86.ActiveCfg = Docu|Any CPU
		{567978CA-0146-424E-8999-9B735E04BDCB}.Publish|Any CPU.ActiveCfg = Release|Any CPU
		{567978CA-0146-424E-8999-9B735E04BDCB}.Publish|Any CPU.Build.0 = Release|Any CPU
		{567978CA-0146-424E-8999-9B735E04BDCB}.Publish|Mixed Platforms.ActiveCfg = Release|Any CPU
		{567978CA-0146-424E-8999-9B735E04BDCB}.Publish|Mixed Platforms.Build.0 = Release|Any CPU
		{567978CA-0146-424E-8999-9B735E04BDCB}.Publish|x86.ActiveCfg = Release|Any CPU
		{567978CA-0146-424E-8999-9B735E04BDCB}.Release|Any CPU.ActiveCfg = Release|Any CPU
		{567978CA-0146-424E-8999-9B735E04BDCB}.Release|Any CPU.Build.0 = Release|Any CPU
		{567978CA-0146-424E-8999-9B735E04BDCB}.Release|Mixed Platforms.ActiveCfg = Release|Any CPU
		{567978CA-0146-424E-8999-9B735E04BDCB}.Release|Mixed Platforms.Build.0 = Release|Any CPU
		{567978CA-0146-424E-8999-9B735E04BDCB}.Release|x86.ActiveCfg = Release|Any CPU
		{567978CA-0146-424E-8999-9B735E04BDCB}.SingleImage|Any CPU.ActiveCfg = Release|Any CPU
		{567978CA-0146-424E-8999-9B735E04BDCB}.SingleImage|Any CPU.Build.0 = Release|Any CPU
		{567978CA-0146-424E-8999-9B735E04BDCB}.SingleImage|Mixed Platforms.ActiveCfg = Release|Any CPU
		{567978CA-0146-424E-8999-9B735E04BDCB}.SingleImage|Mixed Platforms.Build.0 = Release|Any CPU
		{567978CA-0146-424E-8999-9B735E04BDCB}.SingleImage|x86.ActiveCfg = Release|Any CPU
		{713D62CB-CAA3-4C61-96FB-D1362F7BB908}.CD_ROM|Any CPU.ActiveCfg = Release|Any CPU
		{713D62CB-CAA3-4C61-96FB-D1362F7BB908}.CD_ROM|Any CPU.Build.0 = Release|Any CPU
		{713D62CB-CAA3-4C61-96FB-D1362F7BB908}.CD_ROM|Mixed Platforms.ActiveCfg = Release|Any CPU
		{713D62CB-CAA3-4C61-96FB-D1362F7BB908}.CD_ROM|Mixed Platforms.Build.0 = Release|Any CPU
		{713D62CB-CAA3-4C61-96FB-D1362F7BB908}.CD_ROM|x86.ActiveCfg = Release|Any CPU
		{713D62CB-CAA3-4C61-96FB-D1362F7BB908}.Debug|Any CPU.ActiveCfg = Debug|Any CPU
		{713D62CB-CAA3-4C61-96FB-D1362F7BB908}.Debug|Any CPU.Build.0 = Debug|Any CPU
		{713D62CB-CAA3-4C61-96FB-D1362F7BB908}.Debug|Mixed Platforms.ActiveCfg = Debug|Any CPU
		{713D62CB-CAA3-4C61-96FB-D1362F7BB908}.Debug|Mixed Platforms.Build.0 = Debug|Any CPU
		{713D62CB-CAA3-4C61-96FB-D1362F7BB908}.Debug|x86.ActiveCfg = Debug|Any CPU
		{713D62CB-CAA3-4C61-96FB-D1362F7BB908}.Debug|x86.Build.0 = Debug|Any CPU
		{713D62CB-CAA3-4C61-96FB-D1362F7BB908}.Docu|Any CPU.ActiveCfg = Docu|Any CPU
		{713D62CB-CAA3-4C61-96FB-D1362F7BB908}.Docu|Any CPU.Build.0 = Docu|Any CPU
		{713D62CB-CAA3-4C61-96FB-D1362F7BB908}.Docu|Mixed Platforms.ActiveCfg = Docu|Any CPU
		{713D62CB-CAA3-4C61-96FB-D1362F7BB908}.Docu|Mixed Platforms.Build.0 = Docu|Any CPU
		{713D62CB-CAA3-4C61-96FB-D1362F7BB908}.Docu|x86.ActiveCfg = Docu|Any CPU
		{713D62CB-CAA3-4C61-96FB-D1362F7BB908}.DVD-5|Any CPU.ActiveCfg = Docu|Any CPU
		{713D62CB-CAA3-4C61-96FB-D1362F7BB908}.DVD-5|Any CPU.Build.0 = Docu|Any CPU
		{713D62CB-CAA3-4C61-96FB-D1362F7BB908}.DVD-5|Mixed Platforms.ActiveCfg = Docu|Any CPU
		{713D62CB-CAA3-4C61-96FB-D1362F7BB908}.DVD-5|Mixed Platforms.Build.0 = Docu|Any CPU
		{713D62CB-CAA3-4C61-96FB-D1362F7BB908}.DVD-5|x86.ActiveCfg = Docu|Any CPU
		{713D62CB-CAA3-4C61-96FB-D1362F7BB908}.Publish|Any CPU.ActiveCfg = Release|Any CPU
		{713D62CB-CAA3-4C61-96FB-D1362F7BB908}.Publish|Any CPU.Build.0 = Release|Any CPU
		{713D62CB-CAA3-4C61-96FB-D1362F7BB908}.Publish|Mixed Platforms.ActiveCfg = Release|Any CPU
		{713D62CB-CAA3-4C61-96FB-D1362F7BB908}.Publish|Mixed Platforms.Build.0 = Release|Any CPU
		{713D62CB-CAA3-4C61-96FB-D1362F7BB908}.Publish|x86.ActiveCfg = Release|Any CPU
		{713D62CB-CAA3-4C61-96FB-D1362F7BB908}.Release|Any CPU.ActiveCfg = Release|Any CPU
		{713D62CB-CAA3-4C61-96FB-D1362F7BB908}.Release|Any CPU.Build.0 = Release|Any CPU
		{713D62CB-CAA3-4C61-96FB-D1362F7BB908}.Release|Mixed Platforms.ActiveCfg = Release|Any CPU
		{713D62CB-CAA3-4C61-96FB-D1362F7BB908}.Release|Mixed Platforms.Build.0 = Release|Any CPU
		{713D62CB-CAA3-4C61-96FB-D1362F7BB908}.Release|x86.ActiveCfg = Release|Any CPU
		{713D62CB-CAA3-4C61-96FB-D1362F7BB908}.SingleImage|Any CPU.ActiveCfg = Release|Any CPU
		{713D62CB-CAA3-4C61-96FB-D1362F7BB908}.SingleImage|Any CPU.Build.0 = Release|Any CPU
		{713D62CB-CAA3-4C61-96FB-D1362F7BB908}.SingleImage|Mixed Platforms.ActiveCfg = Release|Any CPU
		{713D62CB-CAA3-4C61-96FB-D1362F7BB908}.SingleImage|Mixed Platforms.Build.0 = Release|Any CPU
		{713D62CB-CAA3-4C61-96FB-D1362F7BB908}.SingleImage|x86.ActiveCfg = Release|Any CPU
		{FC1507DD-A127-4900-92DE-53730FF06F63}.CD_ROM|Any CPU.ActiveCfg = Release|x86
		{FC1507DD-A127-4900-92DE-53730FF06F63}.CD_ROM|Mixed Platforms.ActiveCfg = Release|x86
		{FC1507DD-A127-4900-92DE-53730FF06F63}.CD_ROM|Mixed Platforms.Build.0 = Release|x86
		{FC1507DD-A127-4900-92DE-53730FF06F63}.CD_ROM|x86.ActiveCfg = Release|x86
		{FC1507DD-A127-4900-92DE-53730FF06F63}.CD_ROM|x86.Build.0 = Release|x86
		{FC1507DD-A127-4900-92DE-53730FF06F63}.Debug|Any CPU.ActiveCfg = Debug|x86
		{FC1507DD-A127-4900-92DE-53730FF06F63}.Debug|Any CPU.Build.0 = Debug|x86
		{FC1507DD-A127-4900-92DE-53730FF06F63}.Debug|Mixed Platforms.ActiveCfg = Debug|x86
		{FC1507DD-A127-4900-92DE-53730FF06F63}.Debug|Mixed Platforms.Build.0 = Debug|x86
		{FC1507DD-A127-4900-92DE-53730FF06F63}.Debug|x86.ActiveCfg = Debug|x86
		{FC1507DD-A127-4900-92DE-53730FF06F63}.Debug|x86.Build.0 = Debug|x86
		{FC1507DD-A127-4900-92DE-53730FF06F63}.Docu|Any CPU.ActiveCfg = Debug|x86
		{FC1507DD-A127-4900-92DE-53730FF06F63}.Docu|Mixed Platforms.ActiveCfg = Debug|x86
		{FC1507DD-A127-4900-92DE-53730FF06F63}.Docu|Mixed Platforms.Build.0 = Debug|x86
		{FC1507DD-A127-4900-92DE-53730FF06F63}.Docu|x86.ActiveCfg = Debug|x86
		{FC1507DD-A127-4900-92DE-53730FF06F63}.Docu|x86.Build.0 = Debug|x86
		{FC1507DD-A127-4900-92DE-53730FF06F63}.DVD-5|Any CPU.ActiveCfg = Debug|x86
		{FC1507DD-A127-4900-92DE-53730FF06F63}.DVD-5|Mixed Platforms.ActiveCfg = Debug|x86
		{FC1507DD-A127-4900-92DE-53730FF06F63}.DVD-5|Mixed Platforms.Build.0 = Debug|x86
		{FC1507DD-A127-4900-92DE-53730FF06F63}.DVD-5|x86.ActiveCfg = Debug|x86
		{FC1507DD-A127-4900-92DE-53730FF06F63}.DVD-5|x86.Build.0 = Debug|x86
		{FC1507DD-A127-4900-92DE-53730FF06F63}.Publish|Any CPU.ActiveCfg = Release|x86
		{FC1507DD-A127-4900-92DE-53730FF06F63}.Publish|Mixed Platforms.ActiveCfg = Release|x86
		{FC1507DD-A127-4900-92DE-53730FF06F63}.Publish|Mixed Platforms.Build.0 = Release|x86
		{FC1507DD-A127-4900-92DE-53730FF06F63}.Publish|x86.ActiveCfg = Release|x86
		{FC1507DD-A127-4900-92DE-53730FF06F63}.Publish|x86.Build.0 = Release|x86
		{FC1507DD-A127-4900-92DE-53730FF06F63}.Release|Any CPU.ActiveCfg = Release|x86
		{FC1507DD-A127-4900-92DE-53730FF06F63}.Release|Any CPU.Build.0 = Release|x86
		{FC1507DD-A127-4900-92DE-53730FF06F63}.Release|Mixed Platforms.ActiveCfg = Release|x86
		{FC1507DD-A127-4900-92DE-53730FF06F63}.Release|Mixed Platforms.Build.0 = Release|x86
		{FC1507DD-A127-4900-92DE-53730FF06F63}.Release|x86.ActiveCfg = Release|x86
		{FC1507DD-A127-4900-92DE-53730FF06F63}.Release|x86.Build.0 = Release|x86
		{FC1507DD-A127-4900-92DE-53730FF06F63}.SingleImage|Any CPU.ActiveCfg = Release|x86
		{FC1507DD-A127-4900-92DE-53730FF06F63}.SingleImage|Mixed Platforms.ActiveCfg = Release|x86
		{FC1507DD-A127-4900-92DE-53730FF06F63}.SingleImage|Mixed Platforms.Build.0 = Release|x86
		{FC1507DD-A127-4900-92DE-53730FF06F63}.SingleImage|x86.ActiveCfg = Release|x86
		{FC1507DD-A127-4900-92DE-53730FF06F63}.SingleImage|x86.Build.0 = Release|x86
		{4BA6306E-B29E-489B-AC2A-41BB28DFD3B3}.CD_ROM|Any CPU.ActiveCfg = Release|x86
		{4BA6306E-B29E-489B-AC2A-41BB28DFD3B3}.CD_ROM|Mixed Platforms.ActiveCfg = Release|x86
		{4BA6306E-B29E-489B-AC2A-41BB28DFD3B3}.CD_ROM|Mixed Platforms.Build.0 = Release|x86
		{4BA6306E-B29E-489B-AC2A-41BB28DFD3B3}.CD_ROM|x86.ActiveCfg = Release|x86
		{4BA6306E-B29E-489B-AC2A-41BB28DFD3B3}.CD_ROM|x86.Build.0 = Release|x86
		{4BA6306E-B29E-489B-AC2A-41BB28DFD3B3}.Debug|Any CPU.ActiveCfg = Debug|x86
		{4BA6306E-B29E-489B-AC2A-41BB28DFD3B3}.Debug|Any CPU.Build.0 = Debug|x86
		{4BA6306E-B29E-489B-AC2A-41BB28DFD3B3}.Debug|Mixed Platforms.ActiveCfg = Debug|x86
		{4BA6306E-B29E-489B-AC2A-41BB28DFD3B3}.Debug|Mixed Platforms.Build.0 = Debug|x86
		{4BA6306E-B29E-489B-AC2A-41BB28DFD3B3}.Debug|x86.ActiveCfg = Debug|x86
		{4BA6306E-B29E-489B-AC2A-41BB28DFD3B3}.Debug|x86.Build.0 = Debug|x86
		{4BA6306E-B29E-489B-AC2A-41BB28DFD3B3}.Docu|Any CPU.ActiveCfg = Debug|x86
		{4BA6306E-B29E-489B-AC2A-41BB28DFD3B3}.Docu|Mixed Platforms.ActiveCfg = Debug|x86
		{4BA6306E-B29E-489B-AC2A-41BB28DFD3B3}.Docu|Mixed Platforms.Build.0 = Debug|x86
		{4BA6306E-B29E-489B-AC2A-41BB28DFD3B3}.Docu|x86.ActiveCfg = Debug|x86
		{4BA6306E-B29E-489B-AC2A-41BB28DFD3B3}.Docu|x86.Build.0 = Debug|x86
		{4BA6306E-B29E-489B-AC2A-41BB28DFD3B3}.DVD-5|Any CPU.ActiveCfg = Debug|x86
		{4BA6306E-B29E-489B-AC2A-41BB28DFD3B3}.DVD-5|Mixed Platforms.ActiveCfg = Debug|x86
		{4BA6306E-B29E-489B-AC2A-41BB28DFD3B3}.DVD-5|Mixed Platforms.Build.0 = Debug|x86
		{4BA6306E-B29E-489B-AC2A-41BB28DFD3B3}.DVD-5|x86.ActiveCfg = Debug|x86
		{4BA6306E-B29E-489B-AC2A-41BB28DFD3B3}.DVD-5|x86.Build.0 = Debug|x86
		{4BA6306E-B29E-489B-AC2A-41BB28DFD3B3}.Publish|Any CPU.ActiveCfg = Release|x86
		{4BA6306E-B29E-489B-AC2A-41BB28DFD3B3}.Publish|Mixed Platforms.ActiveCfg = Release|x86
		{4BA6306E-B29E-489B-AC2A-41BB28DFD3B3}.Publish|Mixed Platforms.Build.0 = Release|x86
		{4BA6306E-B29E-489B-AC2A-41BB28DFD3B3}.Publish|x86.ActiveCfg = Release|x86
		{4BA6306E-B29E-489B-AC2A-41BB28DFD3B3}.Publish|x86.Build.0 = Release|x86
		{4BA6306E-B29E-489B-AC2A-41BB28DFD3B3}.Release|Any CPU.ActiveCfg = Release|x86
		{4BA6306E-B29E-489B-AC2A-41BB28DFD3B3}.Release|Any CPU.Build.0 = Release|x86
		{4BA6306E-B29E-489B-AC2A-41BB28DFD3B3}.Release|Mixed Platforms.ActiveCfg = Release|x86
		{4BA6306E-B29E-489B-AC2A-41BB28DFD3B3}.Release|Mixed Platforms.Build.0 = Release|x86
		{4BA6306E-B29E-489B-AC2A-41BB28DFD3B3}.Release|x86.ActiveCfg = Release|x86
		{4BA6306E-B29E-489B-AC2A-41BB28DFD3B3}.Release|x86.Build.0 = Release|x86
		{4BA6306E-B29E-489B-AC2A-41BB28DFD3B3}.SingleImage|Any CPU.ActiveCfg = Release|x86
		{4BA6306E-B29E-489B-AC2A-41BB28DFD3B3}.SingleImage|Mixed Platforms.ActiveCfg = Release|x86
		{4BA6306E-B29E-489B-AC2A-41BB28DFD3B3}.SingleImage|Mixed Platforms.Build.0 = Release|x86
		{4BA6306E-B29E-489B-AC2A-41BB28DFD3B3}.SingleImage|x86.ActiveCfg = Release|x86
		{4BA6306E-B29E-489B-AC2A-41BB28DFD3B3}.SingleImage|x86.Build.0 = Release|x86
		{1E9F858B-659C-4B5E-B0F7-8F668AF0CB59}.CD_ROM|Any CPU.ActiveCfg = Release|Any CPU
		{1E9F858B-659C-4B5E-B0F7-8F668AF0CB59}.CD_ROM|Any CPU.Build.0 = Release|Any CPU
		{1E9F858B-659C-4B5E-B0F7-8F668AF0CB59}.CD_ROM|Mixed Platforms.ActiveCfg = Release|Any CPU
		{1E9F858B-659C-4B5E-B0F7-8F668AF0CB59}.CD_ROM|Mixed Platforms.Build.0 = Release|Any CPU
		{1E9F858B-659C-4B5E-B0F7-8F668AF0CB59}.CD_ROM|x86.ActiveCfg = Release|Any CPU
		{1E9F858B-659C-4B5E-B0F7-8F668AF0CB59}.Debug|Any CPU.ActiveCfg = Debug|Any CPU
		{1E9F858B-659C-4B5E-B0F7-8F668AF0CB59}.Debug|Any CPU.Build.0 = Debug|Any CPU
		{1E9F858B-659C-4B5E-B0F7-8F668AF0CB59}.Debug|Mixed Platforms.ActiveCfg = Debug|Any CPU
		{1E9F858B-659C-4B5E-B0F7-8F668AF0CB59}.Debug|Mixed Platforms.Build.0 = Debug|Any CPU
		{1E9F858B-659C-4B5E-B0F7-8F668AF0CB59}.Debug|x86.ActiveCfg = Debug|Any CPU
		{1E9F858B-659C-4B5E-B0F7-8F668AF0CB59}.Debug|x86.Build.0 = Debug|Any CPU
		{1E9F858B-659C-4B5E-B0F7-8F668AF0CB59}.Docu|Any CPU.ActiveCfg = Debug|Any CPU
		{1E9F858B-659C-4B5E-B0F7-8F668AF0CB59}.Docu|Any CPU.Build.0 = Debug|Any CPU
		{1E9F858B-659C-4B5E-B0F7-8F668AF0CB59}.Docu|Mixed Platforms.ActiveCfg = Debug|Any CPU
		{1E9F858B-659C-4B5E-B0F7-8F668AF0CB59}.Docu|Mixed Platforms.Build.0 = Debug|Any CPU
		{1E9F858B-659C-4B5E-B0F7-8F668AF0CB59}.Docu|x86.ActiveCfg = Debug|Any CPU
		{1E9F858B-659C-4B5E-B0F7-8F668AF0CB59}.DVD-5|Any CPU.ActiveCfg = Debug|Any CPU
		{1E9F858B-659C-4B5E-B0F7-8F668AF0CB59}.DVD-5|Any CPU.Build.0 = Debug|Any CPU
		{1E9F858B-659C-4B5E-B0F7-8F668AF0CB59}.DVD-5|Mixed Platforms.ActiveCfg = Debug|Any CPU
		{1E9F858B-659C-4B5E-B0F7-8F668AF0CB59}.DVD-5|Mixed Platforms.Build.0 = Debug|Any CPU
		{1E9F858B-659C-4B5E-B0F7-8F668AF0CB59}.DVD-5|x86.ActiveCfg = Debug|Any CPU
		{1E9F858B-659C-4B5E-B0F7-8F668AF0CB59}.Publish|Any CPU.ActiveCfg = Release|Any CPU
		{1E9F858B-659C-4B5E-B0F7-8F668AF0CB59}.Publish|Any CPU.Build.0 = Release|Any CPU
		{1E9F858B-659C-4B5E-B0F7-8F668AF0CB59}.Publish|Mixed Platforms.ActiveCfg = Release|Any CPU
		{1E9F858B-659C-4B5E-B0F7-8F668AF0CB59}.Publish|Mixed Platforms.Build.0 = Release|Any CPU
		{1E9F858B-659C-4B5E-B0F7-8F668AF0CB59}.Publish|x86.ActiveCfg = Release|Any CPU
		{1E9F858B-659C-4B5E-B0F7-8F668AF0CB59}.Release|Any CPU.ActiveCfg = Release|Any CPU
		{1E9F858B-659C-4B5E-B0F7-8F668AF0CB59}.Release|Any CPU.Build.0 = Release|Any CPU
		{1E9F858B-659C-4B5E-B0F7-8F668AF0CB59}.Release|Mixed Platforms.ActiveCfg = Release|Any CPU
		{1E9F858B-659C-4B5E-B0F7-8F668AF0CB59}.Release|Mixed Platforms.Build.0 = Release|Any CPU
		{1E9F858B-659C-4B5E-B0F7-8F668AF0CB59}.Release|x86.ActiveCfg = Release|Any CPU
		{1E9F858B-659C-4B5E-B0F7-8F668AF0CB59}.SingleImage|Any CPU.ActiveCfg = Release|Any CPU
		{1E9F858B-659C-4B5E-B0F7-8F668AF0CB59}.SingleImage|Any CPU.Build.0 = Release|Any CPU
		{1E9F858B-659C-4B5E-B0F7-8F668AF0CB59}.SingleImage|Mixed Platforms.ActiveCfg = Release|Any CPU
		{1E9F858B-659C-4B5E-B0F7-8F668AF0CB59}.SingleImage|Mixed Platforms.Build.0 = Release|Any CPU
		{1E9F858B-659C-4B5E-B0F7-8F668AF0CB59}.SingleImage|x86.ActiveCfg = Release|Any CPU
		{752A181E-C891-4617-9067-9EEEA939BC20}.CD_ROM|Any CPU.ActiveCfg = Release|Any CPU
		{752A181E-C891-4617-9067-9EEEA939BC20}.CD_ROM|Any CPU.Build.0 = Release|Any CPU
		{752A181E-C891-4617-9067-9EEEA939BC20}.CD_ROM|Mixed Platforms.ActiveCfg = Release|Any CPU
		{752A181E-C891-4617-9067-9EEEA939BC20}.CD_ROM|Mixed Platforms.Build.0 = Release|Any CPU
		{752A181E-C891-4617-9067-9EEEA939BC20}.CD_ROM|x86.ActiveCfg = Release|Any CPU
		{752A181E-C891-4617-9067-9EEEA939BC20}.Debug|Any CPU.ActiveCfg = Debug|Any CPU
		{752A181E-C891-4617-9067-9EEEA939BC20}.Debug|Any CPU.Build.0 = Debug|Any CPU
		{752A181E-C891-4617-9067-9EEEA939BC20}.Debug|Mixed Platforms.ActiveCfg = Debug|Any CPU
		{752A181E-C891-4617-9067-9EEEA939BC20}.Debug|Mixed Platforms.Build.0 = Debug|Any CPU
		{752A181E-C891-4617-9067-9EEEA939BC20}.Debug|x86.ActiveCfg = Debug|Any CPU
		{752A181E-C891-4617-9067-9EEEA939BC20}.Debug|x86.Build.0 = Debug|Any CPU
		{752A181E-C891-4617-9067-9EEEA939BC20}.Docu|Any CPU.ActiveCfg = Debug|Any CPU
		{752A181E-C891-4617-9067-9EEEA939BC20}.Docu|Any CPU.Build.0 = Debug|Any CPU
		{752A181E-C891-4617-9067-9EEEA939BC20}.Docu|Mixed Platforms.ActiveCfg = Debug|Any CPU
		{752A181E-C891-4617-9067-9EEEA939BC20}.Docu|Mixed Platforms.Build.0 = Debug|Any CPU
		{752A181E-C891-4617-9067-9EEEA939BC20}.Docu|x86.ActiveCfg = Debug|Any CPU
		{752A181E-C891-4617-9067-9EEEA939BC20}.DVD-5|Any CPU.ActiveCfg = Debug|Any CPU
		{752A181E-C891-4617-9067-9EEEA939BC20}.DVD-5|Any CPU.Build.0 = Debug|Any CPU
		{752A181E-C891-4617-9067-9EEEA939BC20}.DVD-5|Mixed Platforms.ActiveCfg = Debug|Any CPU
		{752A181E-C891-4617-9067-9EEEA939BC20}.DVD-5|Mixed Platforms.Build.0 = Debug|Any CPU
		{752A181E-C891-4617-9067-9EEEA939BC20}.DVD-5|x86.ActiveCfg = Debug|Any CPU
		{752A181E-C891-4617-9067-9EEEA939BC20}.Publish|Any CPU.ActiveCfg = Release|Any CPU
		{752A181E-C891-4617-9067-9EEEA939BC20}.Publish|Any CPU.Build.0 = Release|Any CPU
		{752A181E-C891-4617-9067-9EEEA939BC20}.Publish|Mixed Platforms.ActiveCfg = Release|Any CPU
		{752A181E-C891-4617-9067-9EEEA939BC20}.Publish|Mixed Platforms.Build.0 = Release|Any CPU
		{752A181E-C891-4617-9067-9EEEA939BC20}.Publish|x86.ActiveCfg = Release|Any CPU
		{752A181E-C891-4617-9067-9EEEA939BC20}.Release|Any CPU.ActiveCfg = Release|Any CPU
		{752A181E-C891-4617-9067-9EEEA939BC20}.Release|Any CPU.Build.0 = Release|Any CPU
		{752A181E-C891-4617-9067-9EEEA939BC20}.Release|Mixed Platforms.ActiveCfg = Release|Any CPU
		{752A181E-C891-4617-9067-9EEEA939BC20}.Release|Mixed Platforms.Build.0 = Release|Any CPU
		{752A181E-C891-4617-9067-9EEEA939BC20}.Release|x86.ActiveCfg = Release|Any CPU
		{752A181E-C891-4617-9067-9EEEA939BC20}.SingleImage|Any CPU.ActiveCfg = Release|Any CPU
		{752A181E-C891-4617-9067-9EEEA939BC20}.SingleImage|Any CPU.Build.0 = Release|Any CPU
		{752A181E-C891-4617-9067-9EEEA939BC20}.SingleImage|Mixed Platforms.ActiveCfg = Release|Any CPU
		{752A181E-C891-4617-9067-9EEEA939BC20}.SingleImage|Mixed Platforms.Build.0 = Release|Any CPU
		{752A181E-C891-4617-9067-9EEEA939BC20}.SingleImage|x86.ActiveCfg = Release|Any CPU
		{C750A317-EE1E-4B07-B39C-9C95FFC45570}.CD_ROM|Any CPU.ActiveCfg = Release|Any CPU
		{C750A317-EE1E-4B07-B39C-9C95FFC45570}.CD_ROM|Any CPU.Build.0 = Release|Any CPU
		{C750A317-EE1E-4B07-B39C-9C95FFC45570}.CD_ROM|Mixed Platforms.ActiveCfg = Release|Any CPU
		{C750A317-EE1E-4B07-B39C-9C95FFC45570}.CD_ROM|Mixed Platforms.Build.0 = Release|Any CPU
		{C750A317-EE1E-4B07-B39C-9C95FFC45570}.CD_ROM|x86.ActiveCfg = Release|Any CPU
		{C750A317-EE1E-4B07-B39C-9C95FFC45570}.CD_ROM|x86.Build.0 = Release|Any CPU
		{C750A317-EE1E-4B07-B39C-9C95FFC45570}.Debug|Any CPU.ActiveCfg = Debug|Any CPU
		{C750A317-EE1E-4B07-B39C-9C95FFC45570}.Debug|Any CPU.Build.0 = Debug|Any CPU
		{C750A317-EE1E-4B07-B39C-9C95FFC45570}.Debug|Mixed Platforms.ActiveCfg = Debug|Any CPU
		{C750A317-EE1E-4B07-B39C-9C95FFC45570}.Debug|Mixed Platforms.Build.0 = Debug|Any CPU
		{C750A317-EE1E-4B07-B39C-9C95FFC45570}.Debug|x86.ActiveCfg = Debug|Any CPU
		{C750A317-EE1E-4B07-B39C-9C95FFC45570}.Debug|x86.Build.0 = Debug|Any CPU
		{C750A317-EE1E-4B07-B39C-9C95FFC45570}.Docu|Any CPU.ActiveCfg = Debug|Any CPU
		{C750A317-EE1E-4B07-B39C-9C95FFC45570}.Docu|Any CPU.Build.0 = Debug|Any CPU
		{C750A317-EE1E-4B07-B39C-9C95FFC45570}.Docu|Mixed Platforms.ActiveCfg = Debug|Any CPU
		{C750A317-EE1E-4B07-B39C-9C95FFC45570}.Docu|Mixed Platforms.Build.0 = Debug|Any CPU
		{C750A317-EE1E-4B07-B39C-9C95FFC45570}.Docu|x86.ActiveCfg = Debug|Any CPU
		{C750A317-EE1E-4B07-B39C-9C95FFC45570}.Docu|x86.Build.0 = Debug|Any CPU
		{C750A317-EE1E-4B07-B39C-9C95FFC45570}.DVD-5|Any CPU.ActiveCfg = Debug|Any CPU
		{C750A317-EE1E-4B07-B39C-9C95FFC45570}.DVD-5|Any CPU.Build.0 = Debug|Any CPU
		{C750A317-EE1E-4B07-B39C-9C95FFC45570}.DVD-5|Mixed Platforms.ActiveCfg = Debug|Any CPU
		{C750A317-EE1E-4B07-B39C-9C95FFC45570}.DVD-5|Mixed Platforms.Build.0 = Debug|Any CPU
		{C750A317-EE1E-4B07-B39C-9C95FFC45570}.DVD-5|x86.ActiveCfg = Debug|Any CPU
		{C750A317-EE1E-4B07-B39C-9C95FFC45570}.DVD-5|x86.Build.0 = Debug|Any CPU
		{C750A317-EE1E-4B07-B39C-9C95FFC45570}.Publish|Any CPU.ActiveCfg = Release|Any CPU
		{C750A317-EE1E-4B07-B39C-9C95FFC45570}.Publish|Any CPU.Build.0 = Release|Any CPU
		{C750A317-EE1E-4B07-B39C-9C95FFC45570}.Publish|Mixed Platforms.ActiveCfg = Release|Any CPU
		{C750A317-EE1E-4B07-B39C-9C95FFC45570}.Publish|Mixed Platforms.Build.0 = Release|Any CPU
		{C750A317-EE1E-4B07-B39C-9C95FFC45570}.Publish|x86.ActiveCfg = Release|Any CPU
		{C750A317-EE1E-4B07-B39C-9C95FFC45570}.Publish|x86.Build.0 = Release|Any CPU
		{C750A317-EE1E-4B07-B39C-9C95FFC45570}.Release|Any CPU.ActiveCfg = Release|Any CPU
		{C750A317-EE1E-4B07-B39C-9C95FFC45570}.Release|Any CPU.Build.0 = Release|Any CPU
		{C750A317-EE1E-4B07-B39C-9C95FFC45570}.Release|Mixed Platforms.ActiveCfg = Release|Any CPU
		{C750A317-EE1E-4B07-B39C-9C95FFC45570}.Release|Mixed Platforms.Build.0 = Release|Any CPU
		{C750A317-EE1E-4B07-B39C-9C95FFC45570}.Release|x86.ActiveCfg = Release|Any CPU
		{C750A317-EE1E-4B07-B39C-9C95FFC45570}.Release|x86.Build.0 = Release|Any CPU
		{C750A317-EE1E-4B07-B39C-9C95FFC45570}.SingleImage|Any CPU.ActiveCfg = Release|Any CPU
		{C750A317-EE1E-4B07-B39C-9C95FFC45570}.SingleImage|Any CPU.Build.0 = Release|Any CPU
		{C750A317-EE1E-4B07-B39C-9C95FFC45570}.SingleImage|Mixed Platforms.ActiveCfg = Release|Any CPU
		{C750A317-EE1E-4B07-B39C-9C95FFC45570}.SingleImage|Mixed Platforms.Build.0 = Release|Any CPU
		{C750A317-EE1E-4B07-B39C-9C95FFC45570}.SingleImage|x86.ActiveCfg = Release|Any CPU
		{C750A317-EE1E-4B07-B39C-9C95FFC45570}.SingleImage|x86.Build.0 = Release|Any CPU
		{7D790750-7BBC-4FD0-B9EF-BC9C1F7E3E86}.CD_ROM|Any CPU.ActiveCfg = Release|Any CPU
		{7D790750-7BBC-4FD0-B9EF-BC9C1F7E3E86}.CD_ROM|Any CPU.Build.0 = Release|Any CPU
		{7D790750-7BBC-4FD0-B9EF-BC9C1F7E3E86}.CD_ROM|Mixed Platforms.ActiveCfg = Release|Any CPU
		{7D790750-7BBC-4FD0-B9EF-BC9C1F7E3E86}.CD_ROM|Mixed Platforms.Build.0 = Release|Any CPU
		{7D790750-7BBC-4FD0-B9EF-BC9C1F7E3E86}.CD_ROM|x86.ActiveCfg = Release|Any CPU
		{7D790750-7BBC-4FD0-B9EF-BC9C1F7E3E86}.CD_ROM|x86.Build.0 = Release|Any CPU
		{7D790750-7BBC-4FD0-B9EF-BC9C1F7E3E86}.Debug|Any CPU.ActiveCfg = Debug|Any CPU
		{7D790750-7BBC-4FD0-B9EF-BC9C1F7E3E86}.Debug|Any CPU.Build.0 = Debug|Any CPU
		{7D790750-7BBC-4FD0-B9EF-BC9C1F7E3E86}.Debug|Mixed Platforms.ActiveCfg = Debug|Any CPU
		{7D790750-7BBC-4FD0-B9EF-BC9C1F7E3E86}.Debug|Mixed Platforms.Build.0 = Debug|Any CPU
		{7D790750-7BBC-4FD0-B9EF-BC9C1F7E3E86}.Debug|x86.ActiveCfg = Debug|Any CPU
		{7D790750-7BBC-4FD0-B9EF-BC9C1F7E3E86}.Debug|x86.Build.0 = Debug|Any CPU
		{7D790750-7BBC-4FD0-B9EF-BC9C1F7E3E86}.Docu|Any CPU.ActiveCfg = Debug|Any CPU
		{7D790750-7BBC-4FD0-B9EF-BC9C1F7E3E86}.Docu|Any CPU.Build.0 = Debug|Any CPU
		{7D790750-7BBC-4FD0-B9EF-BC9C1F7E3E86}.Docu|Mixed Platforms.ActiveCfg = Debug|Any CPU
		{7D790750-7BBC-4FD0-B9EF-BC9C1F7E3E86}.Docu|Mixed Platforms.Build.0 = Debug|Any CPU
		{7D790750-7BBC-4FD0-B9EF-BC9C1F7E3E86}.Docu|x86.ActiveCfg = Debug|Any CPU
		{7D790750-7BBC-4FD0-B9EF-BC9C1F7E3E86}.Docu|x86.Build.0 = Debug|Any CPU
		{7D790750-7BBC-4FD0-B9EF-BC9C1F7E3E86}.DVD-5|Any CPU.ActiveCfg = Debug|Any CPU
		{7D790750-7BBC-4FD0-B9EF-BC9C1F7E3E86}.DVD-5|Any CPU.Build.0 = Debug|Any CPU
		{7D790750-7BBC-4FD0-B9EF-BC9C1F7E3E86}.DVD-5|Mixed Platforms.ActiveCfg = Debug|Any CPU
		{7D790750-7BBC-4FD0-B9EF-BC9C1F7E3E86}.DVD-5|Mixed Platforms.Build.0 = Debug|Any CPU
		{7D790750-7BBC-4FD0-B9EF-BC9C1F7E3E86}.DVD-5|x86.ActiveCfg = Debug|Any CPU
		{7D790750-7BBC-4FD0-B9EF-BC9C1F7E3E86}.DVD-5|x86.Build.0 = Debug|Any CPU
		{7D790750-7BBC-4FD0-B9EF-BC9C1F7E3E86}.Publish|Any CPU.ActiveCfg = Release|Any CPU
		{7D790750-7BBC-4FD0-B9EF-BC9C1F7E3E86}.Publish|Any CPU.Build.0 = Release|Any CPU
		{7D790750-7BBC-4FD0-B9EF-BC9C1F7E3E86}.Publish|Mixed Platforms.ActiveCfg = Release|Any CPU
		{7D790750-7BBC-4FD0-B9EF-BC9C1F7E3E86}.Publish|Mixed Platforms.Build.0 = Release|Any CPU
		{7D790750-7BBC-4FD0-B9EF-BC9C1F7E3E86}.Publish|x86.ActiveCfg = Release|Any CPU
		{7D790750-7BBC-4FD0-B9EF-BC9C1F7E3E86}.Publish|x86.Build.0 = Release|Any CPU
		{7D790750-7BBC-4FD0-B9EF-BC9C1F7E3E86}.Release|Any CPU.ActiveCfg = Release|Any CPU
		{7D790750-7BBC-4FD0-B9EF-BC9C1F7E3E86}.Release|Any CPU.Build.0 = Release|Any CPU
		{7D790750-7BBC-4FD0-B9EF-BC9C1F7E3E86}.Release|Mixed Platforms.ActiveCfg = Release|Any CPU
		{7D790750-7BBC-4FD0-B9EF-BC9C1F7E3E86}.Release|Mixed Platforms.Build.0 = Release|Any CPU
		{7D790750-7BBC-4FD0-B9EF-BC9C1F7E3E86}.Release|x86.ActiveCfg = Release|Any CPU
		{7D790750-7BBC-4FD0-B9EF-BC9C1F7E3E86}.Release|x86.Build.0 = Release|Any CPU
		{7D790750-7BBC-4FD0-B9EF-BC9C1F7E3E86}.SingleImage|Any CPU.ActiveCfg = Release|Any CPU
		{7D790750-7BBC-4FD0-B9EF-BC9C1F7E3E86}.SingleImage|Any CPU.Build.0 = Release|Any CPU
		{7D790750-7BBC-4FD0-B9EF-BC9C1F7E3E86}.SingleImage|Mixed Platforms.ActiveCfg = Release|Any CPU
		{7D790750-7BBC-4FD0-B9EF-BC9C1F7E3E86}.SingleImage|Mixed Platforms.Build.0 = Release|Any CPU
		{7D790750-7BBC-4FD0-B9EF-BC9C1F7E3E86}.SingleImage|x86.ActiveCfg = Release|Any CPU
		{7D790750-7BBC-4FD0-B9EF-BC9C1F7E3E86}.SingleImage|x86.Build.0 = Release|Any CPU
		{21BAB327-A252-4DA0-A55A-B4B77F52A36B}.CD_ROM|Any CPU.ActiveCfg = Release|Any CPU
		{21BAB327-A252-4DA0-A55A-B4B77F52A36B}.CD_ROM|Any CPU.Build.0 = Release|Any CPU
		{21BAB327-A252-4DA0-A55A-B4B77F52A36B}.CD_ROM|Mixed Platforms.ActiveCfg = Release|Any CPU
		{21BAB327-A252-4DA0-A55A-B4B77F52A36B}.CD_ROM|Mixed Platforms.Build.0 = Release|Any CPU
		{21BAB327-A252-4DA0-A55A-B4B77F52A36B}.CD_ROM|x86.ActiveCfg = Release|Any CPU
		{21BAB327-A252-4DA0-A55A-B4B77F52A36B}.CD_ROM|x86.Build.0 = Release|Any CPU
		{21BAB327-A252-4DA0-A55A-B4B77F52A36B}.Debug|Any CPU.ActiveCfg = Debug|Any CPU
		{21BAB327-A252-4DA0-A55A-B4B77F52A36B}.Debug|Any CPU.Build.0 = Debug|Any CPU
		{21BAB327-A252-4DA0-A55A-B4B77F52A36B}.Debug|Mixed Platforms.ActiveCfg = Debug|Any CPU
		{21BAB327-A252-4DA0-A55A-B4B77F52A36B}.Debug|Mixed Platforms.Build.0 = Debug|Any CPU
		{21BAB327-A252-4DA0-A55A-B4B77F52A36B}.Debug|x86.ActiveCfg = Debug|Any CPU
		{21BAB327-A252-4DA0-A55A-B4B77F52A36B}.Debug|x86.Build.0 = Debug|Any CPU
		{21BAB327-A252-4DA0-A55A-B4B77F52A36B}.Docu|Any CPU.ActiveCfg = Debug|Any CPU
		{21BAB327-A252-4DA0-A55A-B4B77F52A36B}.Docu|Any CPU.Build.0 = Debug|Any CPU
		{21BAB327-A252-4DA0-A55A-B4B77F52A36B}.Docu|Mixed Platforms.ActiveCfg = Debug|Any CPU
		{21BAB327-A252-4DA0-A55A-B4B77F52A36B}.Docu|Mixed Platforms.Build.0 = Debug|Any CPU
		{21BAB327-A252-4DA0-A55A-B4B77F52A36B}.Docu|x86.ActiveCfg = Debug|Any CPU
		{21BAB327-A252-4DA0-A55A-B4B77F52A36B}.Docu|x86.Build.0 = Debug|Any CPU
		{21BAB327-A252-4DA0-A55A-B4B77F52A36B}.DVD-5|Any CPU.ActiveCfg = Debug|Any CPU
		{21BAB327-A252-4DA0-A55A-B4B77F52A36B}.DVD-5|Any CPU.Build.0 = Debug|Any CPU
		{21BAB327-A252-4DA0-A55A-B4B77F52A36B}.DVD-5|Mixed Platforms.ActiveCfg = Debug|Any CPU
		{21BAB327-A252-4DA0-A55A-B4B77F52A36B}.DVD-5|Mixed Platforms.Build.0 = Debug|Any CPU
		{21BAB327-A252-4DA0-A55A-B4B77F52A36B}.DVD-5|x86.ActiveCfg = Debug|Any CPU
		{21BAB327-A252-4DA0-A55A-B4B77F52A36B}.DVD-5|x86.Build.0 = Debug|Any CPU
		{21BAB327-A252-4DA0-A55A-B4B77F52A36B}.Publish|Any CPU.ActiveCfg = Release|Any CPU
		{21BAB327-A252-4DA0-A55A-B4B77F52A36B}.Publish|Any CPU.Build.0 = Release|Any CPU
		{21BAB327-A252-4DA0-A55A-B4B77F52A36B}.Publish|Mixed Platforms.ActiveCfg = Release|Any CPU
		{21BAB327-A252-4DA0-A55A-B4B77F52A36B}.Publish|Mixed Platforms.Build.0 = Release|Any CPU
		{21BAB327-A252-4DA0-A55A-B4B77F52A36B}.Publish|x86.ActiveCfg = Release|Any CPU
		{21BAB327-A252-4DA0-A55A-B4B77F52A36B}.Publish|x86.Build.0 = Release|Any CPU
		{21BAB327-A252-4DA0-A55A-B4B77F52A36B}.Release|Any CPU.ActiveCfg = Release|Any CPU
		{21BAB327-A252-4DA0-A55A-B4B77F52A36B}.Release|Any CPU.Build.0 = Release|Any CPU
		{21BAB327-A252-4DA0-A55A-B4B77F52A36B}.Release|Mixed Platforms.ActiveCfg = Release|Any CPU
		{21BAB327-A252-4DA0-A55A-B4B77F52A36B}.Release|Mixed Platforms.Build.0 = Release|Any CPU
		{21BAB327-A252-4DA0-A55A-B4B77F52A36B}.Release|x86.ActiveCfg = Release|Any CPU
		{21BAB327-A252-4DA0-A55A-B4B77F52A36B}.Release|x86.Build.0 = Release|Any CPU
		{21BAB327-A252-4DA0-A55A-B4B77F52A36B}.SingleImage|Any CPU.ActiveCfg = Release|Any CPU
		{21BAB327-A252-4DA0-A55A-B4B77F52A36B}.SingleImage|Any CPU.Build.0 = Release|Any CPU
		{21BAB327-A252-4DA0-A55A-B4B77F52A36B}.SingleImage|Mixed Platforms.ActiveCfg = Release|Any CPU
		{21BAB327-A252-4DA0-A55A-B4B77F52A36B}.SingleImage|Mixed Platforms.Build.0 = Release|Any CPU
		{21BAB327-A252-4DA0-A55A-B4B77F52A36B}.SingleImage|x86.ActiveCfg = Release|Any CPU
		{21BAB327-A252-4DA0-A55A-B4B77F52A36B}.SingleImage|x86.Build.0 = Release|Any CPU
		{CDFC16C2-6BA9-4A28-86EB-C4F93900843B}.CD_ROM|Any CPU.ActiveCfg = Release|x86
		{CDFC16C2-6BA9-4A28-86EB-C4F93900843B}.CD_ROM|Any CPU.Build.0 = Release|x86
		{CDFC16C2-6BA9-4A28-86EB-C4F93900843B}.CD_ROM|Mixed Platforms.ActiveCfg = Release|x86
		{CDFC16C2-6BA9-4A28-86EB-C4F93900843B}.CD_ROM|Mixed Platforms.Build.0 = Release|x86
		{CDFC16C2-6BA9-4A28-86EB-C4F93900843B}.CD_ROM|x86.ActiveCfg = Release|x86
		{CDFC16C2-6BA9-4A28-86EB-C4F93900843B}.CD_ROM|x86.Build.0 = Release|x86
		{CDFC16C2-6BA9-4A28-86EB-C4F93900843B}.Debug|Any CPU.ActiveCfg = Debug|x86
		{CDFC16C2-6BA9-4A28-86EB-C4F93900843B}.Debug|Any CPU.Build.0 = Debug|x86
		{CDFC16C2-6BA9-4A28-86EB-C4F93900843B}.Debug|Mixed Platforms.ActiveCfg = Debug|x86
		{CDFC16C2-6BA9-4A28-86EB-C4F93900843B}.Debug|Mixed Platforms.Build.0 = Debug|x86
		{CDFC16C2-6BA9-4A28-86EB-C4F93900843B}.Debug|x86.ActiveCfg = Debug|x86
		{CDFC16C2-6BA9-4A28-86EB-C4F93900843B}.Debug|x86.Build.0 = Debug|x86
		{CDFC16C2-6BA9-4A28-86EB-C4F93900843B}.Docu|Any CPU.ActiveCfg = Release|x86
		{CDFC16C2-6BA9-4A28-86EB-C4F93900843B}.Docu|Any CPU.Build.0 = Release|x86
		{CDFC16C2-6BA9-4A28-86EB-C4F93900843B}.Docu|Mixed Platforms.ActiveCfg = Debug|x86
		{CDFC16C2-6BA9-4A28-86EB-C4F93900843B}.Docu|Mixed Platforms.Build.0 = Debug|x86
		{CDFC16C2-6BA9-4A28-86EB-C4F93900843B}.Docu|x86.ActiveCfg = Debug|x86
		{CDFC16C2-6BA9-4A28-86EB-C4F93900843B}.Docu|x86.Build.0 = Debug|x86
		{CDFC16C2-6BA9-4A28-86EB-C4F93900843B}.DVD-5|Any CPU.ActiveCfg = Release|x86
		{CDFC16C2-6BA9-4A28-86EB-C4F93900843B}.DVD-5|Any CPU.Build.0 = Release|x86
		{CDFC16C2-6BA9-4A28-86EB-C4F93900843B}.DVD-5|Mixed Platforms.ActiveCfg = Debug|x86
		{CDFC16C2-6BA9-4A28-86EB-C4F93900843B}.DVD-5|Mixed Platforms.Build.0 = Debug|x86
		{CDFC16C2-6BA9-4A28-86EB-C4F93900843B}.DVD-5|x86.ActiveCfg = Debug|x86
		{CDFC16C2-6BA9-4A28-86EB-C4F93900843B}.DVD-5|x86.Build.0 = Debug|x86
		{CDFC16C2-6BA9-4A28-86EB-C4F93900843B}.Publish|Any CPU.ActiveCfg = Release|x86
		{CDFC16C2-6BA9-4A28-86EB-C4F93900843B}.Publish|Any CPU.Build.0 = Release|x86
		{CDFC16C2-6BA9-4A28-86EB-C4F93900843B}.Publish|Mixed Platforms.ActiveCfg = Release|x86
		{CDFC16C2-6BA9-4A28-86EB-C4F93900843B}.Publish|Mixed Platforms.Build.0 = Release|x86
		{CDFC16C2-6BA9-4A28-86EB-C4F93900843B}.Publish|x86.ActiveCfg = Release|x86
		{CDFC16C2-6BA9-4A28-86EB-C4F93900843B}.Publish|x86.Build.0 = Release|x86
		{CDFC16C2-6BA9-4A28-86EB-C4F93900843B}.Release|Any CPU.ActiveCfg = Release|x86
		{CDFC16C2-6BA9-4A28-86EB-C4F93900843B}.Release|Any CPU.Build.0 = Release|x86
		{CDFC16C2-6BA9-4A28-86EB-C4F93900843B}.Release|Mixed Platforms.ActiveCfg = Release|x86
		{CDFC16C2-6BA9-4A28-86EB-C4F93900843B}.Release|Mixed Platforms.Build.0 = Release|x86
		{CDFC16C2-6BA9-4A28-86EB-C4F93900843B}.Release|x86.ActiveCfg = Release|x86
		{CDFC16C2-6BA9-4A28-86EB-C4F93900843B}.Release|x86.Build.0 = Release|x86
		{CDFC16C2-6BA9-4A28-86EB-C4F93900843B}.SingleImage|Any CPU.ActiveCfg = Release|x86
		{CDFC16C2-6BA9-4A28-86EB-C4F93900843B}.SingleImage|Any CPU.Build.0 = Release|x86
		{CDFC16C2-6BA9-4A28-86EB-C4F93900843B}.SingleImage|Mixed Platforms.ActiveCfg = Release|x86
		{CDFC16C2-6BA9-4A28-86EB-C4F93900843B}.SingleImage|Mixed Platforms.Build.0 = Release|x86
		{CDFC16C2-6BA9-4A28-86EB-C4F93900843B}.SingleImage|x86.ActiveCfg = Release|x86
		{CDFC16C2-6BA9-4A28-86EB-C4F93900843B}.SingleImage|x86.Build.0 = Release|x86
		{B0F7C68E-0F8A-4AF3-ABC8-0B208D9AFCF9}.CD_ROM|Any CPU.ActiveCfg = Debug|x86
		{B0F7C68E-0F8A-4AF3-ABC8-0B208D9AFCF9}.CD_ROM|Any CPU.Build.0 = Debug|x86
		{B0F7C68E-0F8A-4AF3-ABC8-0B208D9AFCF9}.CD_ROM|Mixed Platforms.ActiveCfg = Debug|x86
		{B0F7C68E-0F8A-4AF3-ABC8-0B208D9AFCF9}.CD_ROM|Mixed Platforms.Build.0 = Debug|x86
		{B0F7C68E-0F8A-4AF3-ABC8-0B208D9AFCF9}.CD_ROM|x86.ActiveCfg = Debug|x86
		{B0F7C68E-0F8A-4AF3-ABC8-0B208D9AFCF9}.CD_ROM|x86.Build.0 = Debug|x86
		{B0F7C68E-0F8A-4AF3-ABC8-0B208D9AFCF9}.Debug|Any CPU.ActiveCfg = Debug|x86
		{B0F7C68E-0F8A-4AF3-ABC8-0B208D9AFCF9}.Debug|Any CPU.Build.0 = Debug|x86
		{B0F7C68E-0F8A-4AF3-ABC8-0B208D9AFCF9}.Debug|Mixed Platforms.ActiveCfg = Debug|x86
		{B0F7C68E-0F8A-4AF3-ABC8-0B208D9AFCF9}.Debug|Mixed Platforms.Build.0 = Debug|x86
		{B0F7C68E-0F8A-4AF3-ABC8-0B208D9AFCF9}.Debug|x86.ActiveCfg = Debug|x86
		{B0F7C68E-0F8A-4AF3-ABC8-0B208D9AFCF9}.Debug|x86.Build.0 = Debug|x86
		{B0F7C68E-0F8A-4AF3-ABC8-0B208D9AFCF9}.Docu|Any CPU.ActiveCfg = Debug|x86
		{B0F7C68E-0F8A-4AF3-ABC8-0B208D9AFCF9}.Docu|Any CPU.Build.0 = Debug|x86
		{B0F7C68E-0F8A-4AF3-ABC8-0B208D9AFCF9}.Docu|Mixed Platforms.ActiveCfg = Debug|x86
		{B0F7C68E-0F8A-4AF3-ABC8-0B208D9AFCF9}.Docu|Mixed Platforms.Build.0 = Debug|x86
		{B0F7C68E-0F8A-4AF3-ABC8-0B208D9AFCF9}.Docu|x86.ActiveCfg = Debug|x86
		{B0F7C68E-0F8A-4AF3-ABC8-0B208D9AFCF9}.Docu|x86.Build.0 = Debug|x86
		{B0F7C68E-0F8A-4AF3-ABC8-0B208D9AFCF9}.DVD-5|Any CPU.ActiveCfg = Debug|x86
		{B0F7C68E-0F8A-4AF3-ABC8-0B208D9AFCF9}.DVD-5|Any CPU.Build.0 = Debug|x86
		{B0F7C68E-0F8A-4AF3-ABC8-0B208D9AFCF9}.DVD-5|Mixed Platforms.ActiveCfg = Debug|x86
		{B0F7C68E-0F8A-4AF3-ABC8-0B208D9AFCF9}.DVD-5|Mixed Platforms.Build.0 = Debug|x86
		{B0F7C68E-0F8A-4AF3-ABC8-0B208D9AFCF9}.DVD-5|x86.ActiveCfg = Debug|x86
		{B0F7C68E-0F8A-4AF3-ABC8-0B208D9AFCF9}.DVD-5|x86.Build.0 = Debug|x86
		{B0F7C68E-0F8A-4AF3-ABC8-0B208D9AFCF9}.Publish|Any CPU.ActiveCfg = Debug|x86
		{B0F7C68E-0F8A-4AF3-ABC8-0B208D9AFCF9}.Publish|Any CPU.Build.0 = Debug|x86
		{B0F7C68E-0F8A-4AF3-ABC8-0B208D9AFCF9}.Publish|Mixed Platforms.ActiveCfg = Debug|x86
		{B0F7C68E-0F8A-4AF3-ABC8-0B208D9AFCF9}.Publish|Mixed Platforms.Build.0 = Debug|x86
		{B0F7C68E-0F8A-4AF3-ABC8-0B208D9AFCF9}.Publish|x86.ActiveCfg = Debug|x86
		{B0F7C68E-0F8A-4AF3-ABC8-0B208D9AFCF9}.Publish|x86.Build.0 = Debug|x86
		{B0F7C68E-0F8A-4AF3-ABC8-0B208D9AFCF9}.Release|Any CPU.ActiveCfg = Release|x86
		{B0F7C68E-0F8A-4AF3-ABC8-0B208D9AFCF9}.Release|Mixed Platforms.ActiveCfg = Release|x86
		{B0F7C68E-0F8A-4AF3-ABC8-0B208D9AFCF9}.Release|Mixed Platforms.Build.0 = Release|x86
		{B0F7C68E-0F8A-4AF3-ABC8-0B208D9AFCF9}.Release|x86.ActiveCfg = Release|x86
		{B0F7C68E-0F8A-4AF3-ABC8-0B208D9AFCF9}.Release|x86.Build.0 = Release|x86
		{B0F7C68E-0F8A-4AF3-ABC8-0B208D9AFCF9}.SingleImage|Any CPU.ActiveCfg = Debug|x86
		{B0F7C68E-0F8A-4AF3-ABC8-0B208D9AFCF9}.SingleImage|Any CPU.Build.0 = Debug|x86
		{B0F7C68E-0F8A-4AF3-ABC8-0B208D9AFCF9}.SingleImage|Mixed Platforms.ActiveCfg = Debug|x86
		{B0F7C68E-0F8A-4AF3-ABC8-0B208D9AFCF9}.SingleImage|Mixed Platforms.Build.0 = Debug|x86
		{B0F7C68E-0F8A-4AF3-ABC8-0B208D9AFCF9}.SingleImage|x86.ActiveCfg = Debug|x86
		{B0F7C68E-0F8A-4AF3-ABC8-0B208D9AFCF9}.SingleImage|x86.Build.0 = Debug|x86
		{B6E491AD-DEF7-4175-9ED4-0BE5535D4392}.CD_ROM|Any CPU.ActiveCfg = Debug|Any CPU
		{B6E491AD-DEF7-4175-9ED4-0BE5535D4392}.CD_ROM|Any CPU.Build.0 = Debug|Any CPU
		{B6E491AD-DEF7-4175-9ED4-0BE5535D4392}.CD_ROM|Mixed Platforms.ActiveCfg = Debug|Any CPU
		{B6E491AD-DEF7-4175-9ED4-0BE5535D4392}.CD_ROM|Mixed Platforms.Build.0 = Debug|Any CPU
		{B6E491AD-DEF7-4175-9ED4-0BE5535D4392}.CD_ROM|x86.ActiveCfg = Debug|Any CPU
		{B6E491AD-DEF7-4175-9ED4-0BE5535D4392}.CD_ROM|x86.Build.0 = Debug|Any CPU
		{B6E491AD-DEF7-4175-9ED4-0BE5535D4392}.Debug|Any CPU.ActiveCfg = Debug|Any CPU
		{B6E491AD-DEF7-4175-9ED4-0BE5535D4392}.Debug|Any CPU.Build.0 = Debug|Any CPU
		{B6E491AD-DEF7-4175-9ED4-0BE5535D4392}.Debug|Mixed Platforms.ActiveCfg = Debug|Any CPU
		{B6E491AD-DEF7-4175-9ED4-0BE5535D4392}.Debug|Mixed Platforms.Build.0 = Debug|Any CPU
		{B6E491AD-DEF7-4175-9ED4-0BE5535D4392}.Debug|x86.ActiveCfg = Debug|Any CPU
		{B6E491AD-DEF7-4175-9ED4-0BE5535D4392}.Debug|x86.Build.0 = Debug|Any CPU
		{B6E491AD-DEF7-4175-9ED4-0BE5535D4392}.Docu|Any CPU.ActiveCfg = Debug|Any CPU
		{B6E491AD-DEF7-4175-9ED4-0BE5535D4392}.Docu|Any CPU.Build.0 = Debug|Any CPU
		{B6E491AD-DEF7-4175-9ED4-0BE5535D4392}.Docu|Mixed Platforms.ActiveCfg = Debug|Any CPU
		{B6E491AD-DEF7-4175-9ED4-0BE5535D4392}.Docu|Mixed Platforms.Build.0 = Debug|Any CPU
		{B6E491AD-DEF7-4175-9ED4-0BE5535D4392}.Docu|x86.ActiveCfg = Debug|Any CPU
		{B6E491AD-DEF7-4175-9ED4-0BE5535D4392}.Docu|x86.Build.0 = Debug|Any CPU
		{B6E491AD-DEF7-4175-9ED4-0BE5535D4392}.DVD-5|Any CPU.ActiveCfg = Debug|Any CPU
		{B6E491AD-DEF7-4175-9ED4-0BE5535D4392}.DVD-5|Any CPU.Build.0 = Debug|Any CPU
		{B6E491AD-DEF7-4175-9ED4-0BE5535D4392}.DVD-5|Mixed Platforms.ActiveCfg = Debug|Any CPU
		{B6E491AD-DEF7-4175-9ED4-0BE5535D4392}.DVD-5|Mixed Platforms.Build.0 = Debug|Any CPU
		{B6E491AD-DEF7-4175-9ED4-0BE5535D4392}.DVD-5|x86.ActiveCfg = Debug|Any CPU
		{B6E491AD-DEF7-4175-9ED4-0BE5535D4392}.DVD-5|x86.Build.0 = Debug|Any CPU
		{B6E491AD-DEF7-4175-9ED4-0BE5535D4392}.Publish|Any CPU.ActiveCfg = Debug|Any CPU
		{B6E491AD-DEF7-4175-9ED4-0BE5535D4392}.Publish|Any CPU.Build.0 = Debug|Any CPU
		{B6E491AD-DEF7-4175-9ED4-0BE5535D4392}.Publish|Mixed Platforms.ActiveCfg = Debug|Any CPU
		{B6E491AD-DEF7-4175-9ED4-0BE5535D4392}.Publish|Mixed Platforms.Build.0 = Debug|Any CPU
		{B6E491AD-DEF7-4175-9ED4-0BE5535D4392}.Publish|x86.ActiveCfg = Debug|Any CPU
		{B6E491AD-DEF7-4175-9ED4-0BE5535D4392}.Publish|x86.Build.0 = Debug|Any CPU
		{B6E491AD-DEF7-4175-9ED4-0BE5535D4392}.Release|Any CPU.ActiveCfg = Release|Any CPU
		{B6E491AD-DEF7-4175-9ED4-0BE5535D4392}.Release|Any CPU.Build.0 = Release|Any CPU
		{B6E491AD-DEF7-4175-9ED4-0BE5535D4392}.Release|Mixed Platforms.ActiveCfg = Release|Any CPU
		{B6E491AD-DEF7-4175-9ED4-0BE5535D4392}.Release|Mixed Platforms.Build.0 = Release|Any CPU
		{B6E491AD-DEF7-4175-9ED4-0BE5535D4392}.Release|x86.ActiveCfg = Release|Any CPU
		{B6E491AD-DEF7-4175-9ED4-0BE5535D4392}.Release|x86.Build.0 = Release|Any CPU
		{B6E491AD-DEF7-4175-9ED4-0BE5535D4392}.SingleImage|Any CPU.ActiveCfg = Debug|Any CPU
		{B6E491AD-DEF7-4175-9ED4-0BE5535D4392}.SingleImage|Any CPU.Build.0 = Debug|Any CPU
		{B6E491AD-DEF7-4175-9ED4-0BE5535D4392}.SingleImage|Mixed Platforms.ActiveCfg = Debug|Any CPU
		{B6E491AD-DEF7-4175-9ED4-0BE5535D4392}.SingleImage|Mixed Platforms.Build.0 = Debug|Any CPU
		{B6E491AD-DEF7-4175-9ED4-0BE5535D4392}.SingleImage|x86.ActiveCfg = Debug|Any CPU
		{B6E491AD-DEF7-4175-9ED4-0BE5535D4392}.SingleImage|x86.Build.0 = Debug|Any CPU
	EndGlobalSection
	GlobalSection(SolutionProperties) = preSolution
		HideSolutionNode = FALSE
	EndGlobalSection
	GlobalSection(NestedProjects) = preSolution
		{5B9F3A7F-8371-4665-AE00-36A61C26E8B8} = {AF1E5889-E674-4216-A583-F67733E736B4}
		{15BA9BA6-7070-4F89-AD88-C46D343A74EB} = {AF1E5889-E674-4216-A583-F67733E736B4}
		{4864CB10-0482-4E6E-9032-AC970ED1AFD6} = {AF1E5889-E674-4216-A583-F67733E736B4}
		{0F5F3F6F-3D73-4247-AD21-6739C37FC471} = {BF66D6DB-C84E-4998-8928-7ABB7AF69AD3}
		{23854E3D-64E9-4FD7-A36A-89A9F7692BE8} = {BF66D6DB-C84E-4998-8928-7ABB7AF69AD3}
		{567978CA-0146-424E-8999-9B735E04BDCB} = {AF1E5889-E674-4216-A583-F67733E736B4}
		{713D62CB-CAA3-4C61-96FB-D1362F7BB908} = {AF1E5889-E674-4216-A583-F67733E736B4}
		{FC1507DD-A127-4900-92DE-53730FF06F63} = {7AF1CB60-E120-41E0-94E8-2401203A4C88}
		{4BA6306E-B29E-489B-AC2A-41BB28DFD3B3} = {7AF1CB60-E120-41E0-94E8-2401203A4C88}
		{1E9F858B-659C-4B5E-B0F7-8F668AF0CB59} = {48910769-9D49-45D6-8049-1E777D07421D}
		{752A181E-C891-4617-9067-9EEEA939BC20} = {48910769-9D49-45D6-8049-1E777D07421D}
		{C750A317-EE1E-4B07-B39C-9C95FFC45570} = {48910769-9D49-45D6-8049-1E777D07421D}
		{7D790750-7BBC-4FD0-B9EF-BC9C1F7E3E86} = {48910769-9D49-45D6-8049-1E777D07421D}
		{21BAB327-A252-4DA0-A55A-B4B77F52A36B} = {AF1E5889-E674-4216-A583-F67733E736B4}
		{CDFC16C2-6BA9-4A28-86EB-C4F93900843B} = {7AF1CB60-E120-41E0-94E8-2401203A4C88}
		{B0F7C68E-0F8A-4AF3-ABC8-0B208D9AFCF9} = {7AF1CB60-E120-41E0-94E8-2401203A4C88}
		{B6E491AD-DEF7-4175-9ED4-0BE5535D4392} = {48910769-9D49-45D6-8049-1E777D07421D}
	EndGlobalSection
	GlobalSection(ExtensibilityGlobals) = postSolution
		SolutionGuid = {265FE40B-7637-4719-B023-6CAC1E9B7A05}
	EndGlobalSection
	GlobalSection(TestCaseManagementSettings) = postSolution
		CategoryFile = ADF.UCM.Demo.CS.Setup.vsmdi
	EndGlobalSection
EndGlobal
