Microsoft Visual Studio Solution File, Format Version 12.00
# Visual Studio 14
VisualStudioVersion = 14.0.25420.1
MinimumVisualStudioVersion = 10.0.40219.1
Project("{2150E333-8FDC-42A3-9474-1A3956D46DE8}") = "Server", "Server", "{AF1E5889-E674-4216-A583-F67733E736B4}"
EndProject
Project("{2150E333-8FDC-42A3-9474-1A3956D46DE8}") = "Solution Items", "Solution Items", "{D221DA7D-9E6E-444E-A5C7-163300BFC69A}"
EndProject
Project("{2150E333-8FDC-42A3-9474-1A3956D46DE8}") = "General", "General", "{00AAFA3C-0AFC-42AE-BAA7-D3414555F077}"
EndProject
Project("{FAE04EC0-301F-11D3-BF4B-00C04F79EFBC}") = "ADF.UCM.Demo.Webservices", "..\..\ADF.UCM.Demo.Webservices\ADF.UCM.Demo.Webservices.csproj", "{713D62CB-CAA3-4C61-96FB-D1362F7BB908}"
EndProject
Project("{FAE04EC0-301F-11D3-BF4B-00C04F79EFBC}") = "ADF.UCM.Demo.SIC", "..\..\ADF.UCM.Demo.SIC\ADF.UCM.Demo.SIC.csproj", "{15BA9BA6-7070-4F89-AD88-C46D343A74EB}"
EndProject
Project("{FAE04EC0-301F-11D3-BF4B-00C04F79EFBC}") = "ADF.UCM.Demo.BC", "..\..\ADF.UCM.Demo.BC\ADF.UCM.Demo.BC.csproj", "{5B9F3A7F-8371-4665-AE00-36A61C26E8B8}"
EndProject
Project("{FAE04EC0-301F-11D3-BF4B-00C04F79EFBC}") = "ADF.UCM.Demo.BS", "..\..\ADF.UCM.Demo.BS\ADF.UCM.Demo.BS.csproj", "{567978CA-0146-424E-8999-9B735E04BDCB}"
EndProject
Project("{FAE04EC0-301F-11D3-BF4B-00C04F79EFBC}") = "ADF.UCM.Demo.PFS", "..\..\ADF.UCM.Demo.PFS\ADF.UCM.Demo.PFS.csproj", "{4864CB10-0482-4E6E-9032-AC970ED1AFD6}"
EndProject
Project("{2150E333-8FDC-42A3-9474-1A3956D46DE8}") = "Tests", "Tests", "{8469BB49-3534-4102-90F2-DAA2F4814524}"
EndProject
Project("{FAE04EC0-301F-11D3-BF4B-00C04F79EFBC}") = "ADF.UCM.Demo.BC.Tests", "..\..\..\Tests\ADF.UCM.Demo.BC.Tests\ADF.UCM.Demo.BC.Tests.csproj", "{1E9F858B-659C-4B5E-B0F7-8F668AF0CB59}"
EndProject
Project("{FAE04EC0-301F-11D3-BF4B-00C04F79EFBC}") = "ADF.UCM.Demo.API", "..\..\ADF.UCM.Demo.API\ADF.UCM.Demo.API.csproj", "{B2DEF01E-C3FC-4026-96FD-01E9ABA0A10B}"
EndProject
Project("{FAE04EC0-301F-11D3-BF4B-00C04F79EFBC}") = "ADF.UCM.Demo.WindowsServices", "..\..\ADF.UCM.Demo.WindowsServices\ADF.UCM.Demo.WindowsServices.csproj", "{21BAB327-A252-4DA0-A55A-B4B77F52A36B}"
EndProject
Global
	GlobalSection(SolutionConfigurationPlatforms) = preSolution
		Debug|Any CPU = Debug|Any CPU
		Docu|Any CPU = Docu|Any CPU
		Release|Any CPU = Release|Any CPU
	EndGlobalSection
	GlobalSection(ProjectConfigurationPlatforms) = postSolution
		{713D62CB-CAA3-4C61-96FB-D1362F7BB908}.Debug|Any CPU.ActiveCfg = Debug|Any CPU
		{713D62CB-CAA3-4C61-96FB-D1362F7BB908}.Debug|Any CPU.Build.0 = Debug|Any CPU
		{713D62CB-CAA3-4C61-96FB-D1362F7BB908}.Docu|Any CPU.ActiveCfg = Docu|Any CPU
		{713D62CB-CAA3-4C61-96FB-D1362F7BB908}.Docu|Any CPU.Build.0 = Docu|Any CPU
		{713D62CB-CAA3-4C61-96FB-D1362F7BB908}.Release|Any CPU.ActiveCfg = Release|Any CPU
		{713D62CB-CAA3-4C61-96FB-D1362F7BB908}.Release|Any CPU.Build.0 = Release|Any CPU
		{15BA9BA6-7070-4F89-AD88-C46D343A74EB}.Debug|Any CPU.ActiveCfg = Debug|Any CPU
		{15BA9BA6-7070-4F89-AD88-C46D343A74EB}.Debug|Any CPU.Build.0 = Debug|Any CPU
		{15BA9BA6-7070-4F89-AD88-C46D343A74EB}.Docu|Any CPU.ActiveCfg = Docu|Any CPU
		{15BA9BA6-7070-4F89-AD88-C46D343A74EB}.Docu|Any CPU.Build.0 = Docu|Any CPU
		{15BA9BA6-7070-4F89-AD88-C46D343A74EB}.Release|Any CPU.ActiveCfg = Release|Any CPU
		{15BA9BA6-7070-4F89-AD88-C46D343A74EB}.Release|Any CPU.Build.0 = Release|Any CPU
		{5B9F3A7F-8371-4665-AE00-36A61C26E8B8}.Debug|Any CPU.ActiveCfg = Debug|Any CPU
		{5B9F3A7F-8371-4665-AE00-36A61C26E8B8}.Debug|Any CPU.Build.0 = Debug|Any CPU
		{5B9F3A7F-8371-4665-AE00-36A61C26E8B8}.Docu|Any CPU.ActiveCfg = Docu|Any CPU
		{5B9F3A7F-8371-4665-AE00-36A61C26E8B8}.Docu|Any CPU.Build.0 = Docu|Any CPU
		{5B9F3A7F-8371-4665-AE00-36A61C26E8B8}.Release|Any CPU.ActiveCfg = Release|Any CPU
		{5B9F3A7F-8371-4665-AE00-36A61C26E8B8}.Release|Any CPU.Build.0 = Release|Any CPU
		{567978CA-0146-424E-8999-9B735E04BDCB}.Debug|Any CPU.ActiveCfg = Debug|Any CPU
		{567978CA-0146-424E-8999-9B735E04BDCB}.Debug|Any CPU.Build.0 = Debug|Any CPU
		{567978CA-0146-424E-8999-9B735E04BDCB}.Docu|Any CPU.ActiveCfg = Docu|Any CPU
		{567978CA-0146-424E-8999-9B735E04BDCB}.Docu|Any CPU.Build.0 = Docu|Any CPU
		{567978CA-0146-424E-8999-9B735E04BDCB}.Release|Any CPU.ActiveCfg = Release|Any CPU
		{567978CA-0146-424E-8999-9B735E04BDCB}.Release|Any CPU.Build.0 = Release|Any CPU
		{4864CB10-0482-4E6E-9032-AC970ED1AFD6}.Debug|Any CPU.ActiveCfg = Debug|Any CPU
		{4864CB10-0482-4E6E-9032-AC970ED1AFD6}.Debug|Any CPU.Build.0 = Debug|Any CPU
		{4864CB10-0482-4E6E-9032-AC970ED1AFD6}.Docu|Any CPU.ActiveCfg = Docu|Any CPU
		{4864CB10-0482-4E6E-9032-AC970ED1AFD6}.Docu|Any CPU.Build.0 = Docu|Any CPU
		{4864CB10-0482-4E6E-9032-AC970ED1AFD6}.Release|Any CPU.ActiveCfg = Release|Any CPU
		{4864CB10-0482-4E6E-9032-AC970ED1AFD6}.Release|Any CPU.Build.0 = Release|Any CPU
		{1E9F858B-659C-4B5E-B0F7-8F668AF0CB59}.Debug|Any CPU.ActiveCfg = Debug|Any CPU
		{1E9F858B-659C-4B5E-B0F7-8F668AF0CB59}.Debug|Any CPU.Build.0 = Debug|Any CPU
		{1E9F858B-659C-4B5E-B0F7-8F668AF0CB59}.Docu|Any CPU.ActiveCfg = Debug|Any CPU
		{1E9F858B-659C-4B5E-B0F7-8F668AF0CB59}.Docu|Any CPU.Build.0 = Debug|Any CPU
		{1E9F858B-659C-4B5E-B0F7-8F668AF0CB59}.Release|Any CPU.ActiveCfg = Release|Any CPU
		{1E9F858B-659C-4B5E-B0F7-8F668AF0CB59}.Release|Any CPU.Build.0 = Release|Any CPU
		{B2DEF01E-C3FC-4026-96FD-01E9ABA0A10B}.Debug|Any CPU.ActiveCfg = Debug|Any CPU
		{B2DEF01E-C3FC-4026-96FD-01E9ABA0A10B}.Debug|Any CPU.Build.0 = Debug|Any CPU
		{B2DEF01E-C3FC-4026-96FD-01E9ABA0A10B}.Docu|Any CPU.ActiveCfg = Debug|Any CPU
		{B2DEF01E-C3FC-4026-96FD-01E9ABA0A10B}.Docu|Any CPU.Build.0 = Debug|Any CPU
		{B2DEF01E-C3FC-4026-96FD-01E9ABA0A10B}.Release|Any CPU.ActiveCfg = Release|Any CPU
		{B2DEF01E-C3FC-4026-96FD-01E9ABA0A10B}.Release|Any CPU.Build.0 = Release|Any CPU
		{21BAB327-A252-4DA0-A55A-B4B77F52A36B}.Debug|Any CPU.ActiveCfg = Debug|Any CPU
		{21BAB327-A252-4DA0-A55A-B4B77F52A36B}.Debug|Any CPU.Build.0 = Debug|Any CPU
		{21BAB327-A252-4DA0-A55A-B4B77F52A36B}.Docu|Any CPU.ActiveCfg = Debug|Any CPU
		{21BAB327-A252-4DA0-A55A-B4B77F52A36B}.Docu|Any CPU.Build.0 = Debug|Any CPU
		{21BAB327-A252-4DA0-A55A-B4B77F52A36B}.Release|Any CPU.ActiveCfg = Release|Any CPU
		{21BAB327-A252-4DA0-A55A-B4B77F52A36B}.Release|Any CPU.Build.0 = Release|Any CPU
	EndGlobalSection
	GlobalSection(SolutionProperties) = preSolution
		HideSolutionNode = FALSE
	EndGlobalSection
	GlobalSection(NestedProjects) = preSolution
		{713D62CB-CAA3-4C61-96FB-D1362F7BB908} = {AF1E5889-E674-4216-A583-F67733E736B4}
		{15BA9BA6-7070-4F89-AD88-C46D343A74EB} = {AF1E5889-E674-4216-A583-F67733E736B4}
		{5B9F3A7F-8371-4665-AE00-36A61C26E8B8} = {AF1E5889-E674-4216-A583-F67733E736B4}
		{567978CA-0146-424E-8999-9B735E04BDCB} = {AF1E5889-E674-4216-A583-F67733E736B4}
		{4864CB10-0482-4E6E-9032-AC970ED1AFD6} = {AF1E5889-E674-4216-A583-F67733E736B4}
		{1E9F858B-659C-4B5E-B0F7-8F668AF0CB59} = {8469BB49-3534-4102-90F2-DAA2F4814524}
		{B2DEF01E-C3FC-4026-96FD-01E9ABA0A10B} = {AF1E5889-E674-4216-A583-F67733E736B4}
		{21BAB327-A252-4DA0-A55A-B4B77F52A36B} = {AF1E5889-E674-4216-A583-F67733E736B4}
	EndGlobalSection
EndGlobal
